
Microsoft Visual Studio Solution File, Format Version 12.00
# Visual Studio Version 17
VisualStudioVersion = 17.0.31903.59
MinimumVisualStudioVersion = 10.0.40219.1
Project("{2150E333-8FDC-42A3-9474-1A3956D46DE8}") = "application", "application", "{0AB45C82-AA87-4CFB-B479-69D04B0C060D}"
	ProjectSection(SolutionItems) = preProject
		application\Directory.Build.props = application\Directory.Build.props
		application\Directory.Build.targets = application\Directory.Build.targets
	EndProjectSection
EndProject
Project("{2150E333-8FDC-42A3-9474-1A3956D46DE8}") = "configuration", "configuration", "{F9E2D6F9-5630-49AA-8D04-68F327DC6F63}"
EndProject
Project("{2150E333-8FDC-42A3-9474-1A3956D46DE8}") = "src", "src", "{1F448786-2CAC-4D45-B117-8DE64E0DE0F3}"
EndProject
Project("{FAE04EC0-301F-11D3-BF4B-00C04F79EFBC}") = "MyData.Configuration", "application\configuration\src\MyData.Configuration\MyData.Configuration.csproj", "{030F8C92-E0E0-495A-AEF7-E65CBD61061C}"
EndProject
Project("{2150E333-8FDC-42A3-9474-1A3956D46DE8}") = "core", "core", "{6B5258D4-D5E6-4CBE-BF94-AC2F37942828}"
	ProjectSection(SolutionItems) = preProject
		core\Directory.Build.props = core\Directory.Build.props
		core\Directory.Build.targets = core\Directory.Build.targets
	EndProjectSection
EndProject
Project("{2150E333-8FDC-42A3-9474-1A3956D46DE8}") = "src", "src", "{ADB82759-31E8-42E5-B3E8-4BB5A7EDCF22}"
EndProject
Project("{FAE04EC0-301F-11D3-BF4B-00C04F79EFBC}") = "MyData", "core\src\MyData\MyData.csproj", "{54CEC889-10DB-4180-9E3F-61127CB24B64}"
EndProject
Project("{2150E333-8FDC-42A3-9474-1A3956D46DE8}") = "domains", "domains", "{29ED34E9-B38C-4A52-99CC-605CC77BB1BD}"
	ProjectSection(SolutionItems) = preProject
		domains\Directory.Build.props = domains\Directory.Build.props
		domains\Directory.Build.targets = domains\Directory.Build.targets
	EndProjectSection
EndProject
Project("{2150E333-8FDC-42A3-9474-1A3956D46DE8}") = "agriculture", "agriculture", "{7F87C9E5-D163-44F0-9A9E-F9E61452D754}"
EndProject
Project("{2150E333-8FDC-42A3-9474-1A3956D46DE8}") = "src", "src", "{88B4969A-ACFC-473B-B06E-B808355AE765}"
EndProject
Project("{FAE04EC0-301F-11D3-BF4B-00C04F79EFBC}") = "MyData.Agriculture.Tasks", "domains\agriculture\src\MyData.Agriculture.Tasks\MyData.Agriculture.Tasks.csproj", "{5E1D1A91-EA0D-4733-9C05-31C29FFB13D5}"
EndProject
Project("{2150E333-8FDC-42A3-9474-1A3956D46DE8}") = "census", "census", "{2FF48CA7-8916-4433-A97F-1CD7B8E4F8BD}"
EndProject
Project("{2150E333-8FDC-42A3-9474-1A3956D46DE8}") = "src", "src", "{390E1500-A3D6-463F-9326-19F2950A851E}"
EndProject
Project("{FAE04EC0-301F-11D3-BF4B-00C04F79EFBC}") = "MyData.Census.Tasks", "domains\census\src\MyData.Census.Tasks\MyData.Census.Tasks.csproj", "{08E42565-C7BE-4348-9F3E-F0ECF4B9D31C}"
EndProject
Project("{2150E333-8FDC-42A3-9474-1A3956D46DE8}") = "economics", "economics", "{66EED73C-DB31-4972-92C7-AF25A045323F}"
EndProject
Project("{2150E333-8FDC-42A3-9474-1A3956D46DE8}") = "src", "src", "{C6D3F587-E5A1-42E8-882B-D77C34135920}"
EndProject
Project("{FAE04EC0-301F-11D3-BF4B-00C04F79EFBC}") = "MyData.Economics.Tasks", "domains\economics\src\MyData.Economics.Tasks\MyData.Economics.Tasks.csproj", "{F89888BC-7DD1-4088-8E5F-D31C5DE3C5D9}"
EndProject
Project("{2150E333-8FDC-42A3-9474-1A3956D46DE8}") = "health", "health", "{AF942BBE-660C-4C42-A357-1A31EF9A61CB}"
EndProject
Project("{2150E333-8FDC-42A3-9474-1A3956D46DE8}") = "src", "src", "{B33C2B0D-48CE-48FA-8CD4-86471A82C9D6}"
EndProject
Project("{FAE04EC0-301F-11D3-BF4B-00C04F79EFBC}") = "MyData.Health.Tasks", "domains\health\src\MyData.Health.Tasks\MyData.Health.Tasks.csproj", "{D5BEBD18-C086-4808-BBB3-A81ACAFDA756}"
EndProject
Project("{2150E333-8FDC-42A3-9474-1A3956D46DE8}") = "labor", "labor", "{3F888E3B-508B-48A0-84FE-1E3B3E04071D}"
EndProject
Project("{2150E333-8FDC-42A3-9474-1A3956D46DE8}") = "src", "src", "{4CBFBBEE-0B8D-46D3-A02F-9004BEA8A8C2}"
EndProject
Project("{FAE04EC0-301F-11D3-BF4B-00C04F79EFBC}") = "MyData.Labor.Tasks", "domains\labor\src\MyData.Labor.Tasks\MyData.Labor.Tasks.csproj", "{3AEB5ACB-21CC-47D7-803D-7AF9D6F8F2B8}"
EndProject
Project("{2150E333-8FDC-42A3-9474-1A3956D46DE8}") = "infrastructure", "infrastructure", "{44BAE9B1-FD8A-4C6B-BAF9-1B114F3315C4}"
	ProjectSection(SolutionItems) = preProject
		infrastructure\Directory.Build.props = infrastructure\Directory.Build.props
		infrastructure\Directory.Build.targets = infrastructure\Directory.Build.targets
	EndProjectSection
EndProject
Project("{2150E333-8FDC-42A3-9474-1A3956D46DE8}") = "database", "database", "{F060B38F-50BA-4632-A102-C01EE647A148}"
EndProject
Project("{2150E333-8FDC-42A3-9474-1A3956D46DE8}") = "src", "src", "{CE69D07D-5929-4484-BDCA-32718CD9B360}"
EndProject
Project("{FAE04EC0-301F-11D3-BF4B-00C04F79EFBC}") = "MyData.Databases.Core", "infrastructure\database\src\MyData.Databases.Core\MyData.Databases.Core.csproj", "{3A0128E0-77D2-456E-BE45-BBE2AA23FC6C}"
EndProject
Project("{FAE04EC0-301F-11D3-BF4B-00C04F79EFBC}") = "MyData.Databases.SqlServer", "infrastructure\database\src\MyData.Databases.SqlServer\MyData.Databases.SqlServer.csproj", "{E858942F-329B-40BA-8565-0178B7B90E6E}"
EndProject
Project("{2150E333-8FDC-42A3-9474-1A3956D46DE8}") = "messaging", "messaging", "{0E290774-4D97-4B4B-9E52-15074667146B}"
EndProject
Project("{2150E333-8FDC-42A3-9474-1A3956D46DE8}") = "src", "src", "{860CDAAB-B955-44E3-BAB4-25651EA6407D}"
EndProject
Project("{FAE04EC0-301F-11D3-BF4B-00C04F79EFBC}") = "MyData.Messaging.Core", "infrastructure\messaging\src\MyData.Messaging.Core\MyData.Messaging.Core.csproj", "{E4AC266A-D18F-4E73-9599-B259941CA313}"
EndProject
Project("{2150E333-8FDC-42A3-9474-1A3956D46DE8}") = "integrations", "integrations", "{D6A5271D-39E6-4311-881D-A098AB468946}"
	ProjectSection(SolutionItems) = preProject
		integrations\Directory.Build.props = integrations\Directory.Build.props
		integrations\Directory.Build.targets = integrations\Directory.Build.targets
	EndProjectSection
EndProject
Project("{2150E333-8FDC-42A3-9474-1A3956D46DE8}") = "clients", "clients", "{B7D4D32D-CC5A-44D0-9BA5-97CB0C8E0FCB}"
EndProject
Project("{2150E333-8FDC-42A3-9474-1A3956D46DE8}") = "src", "src", "{68C791B8-C5E0-46EE-A7CF-6FCD4E05A89B}"
EndProject
Project("{FAE04EC0-301F-11D3-BF4B-00C04F79EFBC}") = "MyData.Clients.Core", "integrations\clients\src\MyData.Clients.Core\MyData.Clients.Core.csproj", "{7BF64E57-B298-4B54-9D25-16B24F39DD93}"
EndProject
Project("{2150E333-8FDC-42A3-9474-1A3956D46DE8}") = "solution", "solution", "{B277C648-14C6-439F-A9C7-B75EA36E3AF4}"
	ProjectSection(SolutionItems) = preProject
		.gitignore = .gitignore
		Directory.Build.props = Directory.Build.props
		Directory.Build.targets = Directory.Build.targets
		README.md = README.md
	EndProjectSection
EndProject
Project("{FAE04EC0-301F-11D3-BF4B-00C04F79EFBC}") = "MyData.Clients.RESTCountry", "integrations\clients\src\MyData.Clients.RESTCountry\MyData.Clients.RESTCountry.csproj", "{C12C7B28-E329-4EF4-9540-4757F2B3FFF4}"
EndProject
Project("{2150E333-8FDC-42A3-9474-1A3956D46DE8}") = "tests", "tests", "{E14333DE-090B-465D-9293-149320B37E98}"
EndProject
Project("{FAE04EC0-301F-11D3-BF4B-00C04F79EFBC}") = "MyData.Clients.RESTCountry.Tests", "integrations\clients\tests\MyData.Clients.RESTCountry.Tests\MyData.Clients.RESTCountry.Tests.csproj", "{875C07BC-AA1C-433A-8AB8-1603D5A375B7}"
EndProject
Project("{2150E333-8FDC-42A3-9474-1A3956D46DE8}") = "core", "core", "{84002B7A-5229-48DD-A1FD-179178BA12FC}"
EndProject
Project("{2150E333-8FDC-42A3-9474-1A3956D46DE8}") = "src", "src", "{8EA97703-3814-4704-8F7C-71376CB26715}"
EndProject
Project("{FAE04EC0-301F-11D3-BF4B-00C04F79EFBC}") = "MyData.Core.Tasks", "domains\core\src\MyData.Core.Tasks\MyData.Core.Tasks.csproj", "{54E580D2-67E1-4C87-A269-618D40FD8BC2}"
EndProject
Project("{2150E333-8FDC-42A3-9474-1A3956D46DE8}") = "tests", "tests", "{524736AC-AEBD-4211-A312-EAAB387116C5}"
EndProject
Project("{2150E333-8FDC-42A3-9474-1A3956D46DE8}") = "sdk", "sdk", "{1B52DC54-B4BB-4836-B844-F3C1A47224A6}"
EndProject
Project("{2150E333-8FDC-42A3-9474-1A3956D46DE8}") = "sdk", "sdk", "{87B19073-B6D8-4AF1-BB5E-0335FC7BA7C7}"
EndProject
Project("{2150E333-8FDC-42A3-9474-1A3956D46DE8}") = "sdk", "sdk", "{BA353954-D2F1-42FE-81FA-C0543B62CE2E}"
EndProject
Project("{FAE04EC0-301F-11D3-BF4B-00C04F79EFBC}") = "MyData.Databases.Sdk", "infrastructure\database\sdk\MyData.Databases.Sdk\MyData.Databases.Sdk.csproj", "{B025A723-B473-4065-823D-FDF285410F34}"
EndProject
Project("{FAE04EC0-301F-11D3-BF4B-00C04F79EFBC}") = "MyData.Messaging.Sdk", "infrastructure\messaging\sdk\MyData.Messaging.Sdk\MyData.Messaging.Sdk.csproj", "{471B894E-DB4F-49BB-8B1C-6335D3CC082C}"
EndProject
Project("{FAE04EC0-301F-11D3-BF4B-00C04F79EFBC}") = "MyData.Clients.Sdk", "integrations\clients\sdk\MyData.Clients.Sdk\MyData.Clients.Sdk.csproj", "{4D90E3F1-7548-48FC-9ECA-FA3836F6F732}"
EndProject
Project("{2150E333-8FDC-42A3-9474-1A3956D46DE8}") = "logging", "logging", "{C77F164D-09C7-4B85-9EA3-AB83288DCF62}"
EndProject
Project("{2150E333-8FDC-42A3-9474-1A3956D46DE8}") = "src", "src", "{C5BD3324-66A1-4212-9561-90E084E4F10C}"
EndProject
Project("{FAE04EC0-301F-11D3-BF4B-00C04F79EFBC}") = "MyData.Logging", "application\logging\src\MyData.Logging\MyData.Logging.csproj", "{4FF99D96-C2A1-4CCF-AD3D-A59E5E2F5D27}"
EndProject
Project("{2150E333-8FDC-42A3-9474-1A3956D46DE8}") = "quartz", "quartz", "{F16A81F4-FAA2-43BD-A677-BA74FAD10D00}"
EndProject
Project("{2150E333-8FDC-42A3-9474-1A3956D46DE8}") = "src", "src", "{F52FEFFA-97BA-4130-B90C-5A37B8853E9E}"
EndProject
Project("{FAE04EC0-301F-11D3-BF4B-00C04F79EFBC}") = "MyData.Quartz", "application\quartz\src\MyData.Quartz\MyData.Quartz.csproj", "{6F746090-FDC8-4D14-A260-0D1DCDCF6E6D}"
EndProject
Project("{2150E333-8FDC-42A3-9474-1A3956D46DE8}") = "security", "security", "{48A4655C-777B-4A10-BBF7-B0E898252185}"
EndProject
Project("{2150E333-8FDC-42A3-9474-1A3956D46DE8}") = "src", "src", "{022734C3-4C73-4FBA-9A99-BAAC131743D0}"
EndProject
Project("{FAE04EC0-301F-11D3-BF4B-00C04F79EFBC}") = "MyData.Security", "application\security\src\MyData.Security\MyData.Security.csproj", "{9DB13381-1405-407E-A89D-3DEC080AA2A9}"
EndProject
Project("{FAE04EC0-301F-11D3-BF4B-00C04F79EFBC}") = "MyData.Databases.SqlServer.IntgTests", "infrastructure\database\tests\MyData.Databases.SqlServer.IntgTests\MyData.Databases.SqlServer.IntgTests.csproj", "{A9E874CD-C39D-4D18-A59C-FA4CF9ACED41}"
EndProject
Project("{FAE04EC0-301F-11D3-BF4B-00C04F79EFBC}") = "MyData.Core.WebApi", "domains\core\src\MyData.Core.WebApi\MyData.Core.WebApi.csproj", "{DA467789-D333-4361-B412-3EA7DCE8A186}"
EndProject
Project("{2150E333-8FDC-42A3-9474-1A3956D46DE8}") = ".submodules", ".submodules", "{167FA816-7325-4D97-8BAB-A0B40CC92F62}"
EndProject
Project("{2150E333-8FDC-42A3-9474-1A3956D46DE8}") = "ograph", "ograph", "{63457ECE-B981-4B62-ADA4-0E8D31FBD2D2}"
	ProjectSection(SolutionItems) = preProject
		.submodules\ograph\.gitignore = .submodules\ograph\.gitignore
		.submodules\ograph\Directory.Build.props = .submodules\ograph\Directory.Build.props
		.submodules\ograph\Directory.Build.targets = .submodules\ograph\Directory.Build.targets
		.submodules\ograph\LICENSE = .submodules\ograph\LICENSE
		.submodules\ograph\README.md = .submodules\ograph\README.md
	EndProjectSection
EndProject
Project("{2150E333-8FDC-42A3-9474-1A3956D46DE8}") = "analyzers", "analyzers", "{EA770B0A-8976-4514-A464-BDE294EA20EC}"
EndProject
Project("{2150E333-8FDC-42A3-9474-1A3956D46DE8}") = "src", "src", "{C68C4640-E7E3-4820-A599-55B06E409F8F}"
EndProject
Project("{FAE04EC0-301F-11D3-BF4B-00C04F79EFBC}") = "Assimalign.OGraph.CodeAnalysis", ".submodules\ograph\analyzers\src\Assimalign.OGraph.CodeAnalysis\Assimalign.OGraph.CodeAnalysis.csproj", "{E6641775-D8D3-4306-9CB8-441508119976}"
EndProject
Project("{FAE04EC0-301F-11D3-BF4B-00C04F79EFBC}") = "Assimalign.OGraph.CodeAnalysis.SourceGenerators", ".submodules\ograph\analyzers\src\Assimalign.OGraph.CodeAnalysis.SourceGenerators\Assimalign.OGraph.CodeAnalysis.SourceGenerators.csproj", "{9044389F-BB7E-4F0D-8481-FAB459B7E588}"
EndProject
Project("{2150E333-8FDC-42A3-9474-1A3956D46DE8}") = "benchmark", "benchmark", "{E5AF4A82-E816-4992-A0E0-43EC4D0D854F}"
EndProject
Project("{FAE04EC0-301F-11D3-BF4B-00C04F79EFBC}") = "Assimalign.OGraph.AspNetCore", ".submodules\ograph\benchmark\Assimalign.OGraph.AspNetCore\Assimalign.OGraph.AspNetCore.csproj", "{21DB5A18-0FC2-4CE9-9253-1961349B03C5}"
EndProject
Project("{FAE04EC0-301F-11D3-BF4B-00C04F79EFBC}") = "Assimalign.OGraph.AspNetCore.App", ".submodules\ograph\benchmark\Assimalign.OGraph.AspNetCore.App\Assimalign.OGraph.AspNetCore.App.csproj", "{F9DEC0CF-C4B0-4A88-8904-24408889DF71}"
EndProject
Project("{2150E333-8FDC-42A3-9474-1A3956D46DE8}") = "libraries", "libraries", "{63E97FEA-43F6-414E-8C31-777541BDF02A}"
	ProjectSection(SolutionItems) = preProject
		.submodules\ograph\libraries\Directory.Build.props = .submodules\ograph\libraries\Directory.Build.props
		.submodules\ograph\libraries\Directory.Build.targets = .submodules\ograph\libraries\Directory.Build.targets
	EndProjectSection
EndProject
Project("{2150E333-8FDC-42A3-9474-1A3956D46DE8}") = "Client", "Client", "{8E0FA4ED-BB71-4241-B00C-605B3CB4E0FB}"
EndProject
Project("{2150E333-8FDC-42A3-9474-1A3956D46DE8}") = "src", "src", "{DAC05CB5-36CC-4AE6-BB74-1C5CCC15190E}"
EndProject
Project("{FAE04EC0-301F-11D3-BF4B-00C04F79EFBC}") = "Assimalign.OGraph.Client", ".submodules\ograph\libraries\Client\src\Assimalign.OGraph.Client\Assimalign.OGraph.Client.csproj", "{E6C40058-2ECE-4A6F-BCC9-826DC19E7B4E}"
EndProject
Project("{2150E333-8FDC-42A3-9474-1A3956D46DE8}") = "tests", "tests", "{B2C488A4-B0AC-4F2C-B0EB-B6BDBA387DBE}"
EndProject
Project("{FAE04EC0-301F-11D3-BF4B-00C04F79EFBC}") = "Assimalign.OGraph.Client.Tests", ".submodules\ograph\libraries\Client\tests\Assimalign.OGraph.Client.Tests\Assimalign.OGraph.Client.Tests.csproj", "{0C9E4A99-B703-4C68-9948-AB8F3EEA0C73}"
EndProject
Project("{2150E333-8FDC-42A3-9474-1A3956D46DE8}") = "Core", "Core", "{502B466A-F91B-4859-8062-ABFBFA28DA82}"
EndProject
Project("{2150E333-8FDC-42A3-9474-1A3956D46DE8}") = "src", "src", "{1CEB5384-BF6D-4237-8523-B5F089797343}"
EndProject
Project("{FAE04EC0-301F-11D3-BF4B-00C04F79EFBC}") = "Assimalign.OGraph.Core", ".submodules\ograph\libraries\Core\src\Assimalign.OGraph.Core\Assimalign.OGraph.Core.csproj", "{B613EAAF-1713-4EB8-AC83-D0770FF18B22}"
EndProject
Project("{2150E333-8FDC-42A3-9474-1A3956D46DE8}") = "Gdm", "Gdm", "{F1CEAC24-5924-4F5A-9074-CC12B1B09325}"
EndProject
Project("{2150E333-8FDC-42A3-9474-1A3956D46DE8}") = "src", "src", "{3E128AC1-8081-4B88-AFCE-80B96A2EDA85}"
EndProject
Project("{FAE04EC0-301F-11D3-BF4B-00C04F79EFBC}") = "Assimalign.OGraph.Gdm", ".submodules\ograph\libraries\Gdm\src\Assimalign.OGraph.Gdm\Assimalign.OGraph.Gdm.csproj", "{1FF6B7A2-54CF-4CA1-963A-3CE2603401B6}"
EndProject
Project("{FAE04EC0-301F-11D3-BF4B-00C04F79EFBC}") = "Assimalign.OGraph.Gdm.JsonSchema", ".submodules\ograph\libraries\Gdm\src\Assimalign.OGraph.Gdm.JsonSchema\Assimalign.OGraph.Gdm.JsonSchema.csproj", "{261455EF-F596-4121-B6B4-492361764FBE}"
EndProject
Project("{FAE04EC0-301F-11D3-BF4B-00C04F79EFBC}") = "Assimalign.OGraph.Gdm.XmlSchema", ".submodules\ograph\libraries\Gdm\src\Assimalign.OGraph.Gdm.XmlSchema\Assimalign.OGraph.Gdm.XmlSchema.csproj", "{3D3FB313-2676-492D-BDA5-66F4245504EC}"
EndProject
Project("{2150E333-8FDC-42A3-9474-1A3956D46DE8}") = "tests", "tests", "{E27AE8DF-DD59-48A9-8F00-BDC08C51345A}"
EndProject
Project("{FAE04EC0-301F-11D3-BF4B-00C04F79EFBC}") = "Assimalign.OGraph.Gdm.Tests", ".submodules\ograph\libraries\Gdm\tests\Assimalign.OGraph.Gdm.Tests\Assimalign.OGraph.Gdm.Tests.csproj", "{3E5C1483-E476-42A3-9067-419C807DF0BB}"
EndProject
Project("{2150E333-8FDC-42A3-9474-1A3956D46DE8}") = "Server", "Server", "{F4F4CF44-E0AF-42E5-8B6A-BEFE3A187741}"
EndProject
Project("{2150E333-8FDC-42A3-9474-1A3956D46DE8}") = "src", "src", "{C132D4BE-FE70-4DD0-869D-EDE36D4B51A0}"
EndProject
Project("{FAE04EC0-301F-11D3-BF4B-00C04F79EFBC}") = "Assimalign.OGraph.Server", ".submodules\ograph\libraries\Server\src\Assimalign.OGraph.Server\Assimalign.OGraph.Server.csproj", "{965701B8-D67B-4D14-9774-84F79AE5D434}"
EndProject
Project("{2150E333-8FDC-42A3-9474-1A3956D46DE8}") = "tests", "tests", "{95691B6B-11C1-4B86-9F2E-1BD4177789C2}"
EndProject
Project("{FAE04EC0-301F-11D3-BF4B-00C04F79EFBC}") = "Assimalign.OGraph.Server.Tests", ".submodules\ograph\libraries\Server\tests\Assimalign.OGraph.Server.Tests\Assimalign.OGraph.Server.Tests.csproj", "{4B70E2B3-853F-4B1F-88A3-81A684647C13}"
EndProject
Project("{2150E333-8FDC-42A3-9474-1A3956D46DE8}") = "Syntax", "Syntax", "{BBFC0F20-DC9B-486A-9E1C-6E0C309C267C}"
EndProject
Project("{2150E333-8FDC-42A3-9474-1A3956D46DE8}") = "src", "src", "{D4782D1C-2DBC-4051-B8D9-2C689090E2E2}"
EndProject
Project("{FAE04EC0-301F-11D3-BF4B-00C04F79EFBC}") = "Assimalign.OGraph.Syntax", ".submodules\ograph\libraries\Syntax\src\Assimalign.OGraph.Syntax\Assimalign.OGraph.Syntax.csproj", "{089C1A9D-1BAC-4731-80D2-1DA6BE892B0C}"
EndProject
Project("{2150E333-8FDC-42A3-9474-1A3956D46DE8}") = "tests", "tests", "{EA38668E-D3A8-466A-864C-5C0D11C145FA}"
EndProject
Project("{FAE04EC0-301F-11D3-BF4B-00C04F79EFBC}") = "Assimalign.OGraph.Syntax.Tests", ".submodules\ograph\libraries\Syntax\tests\Assimalign.OGraph.Syntax.Tests\Assimalign.OGraph.Syntax.Tests.csproj", "{1DE3F450-222E-435A-86E5-9C0D5B061BB5}"
EndProject
Project("{2150E333-8FDC-42A3-9474-1A3956D46DE8}") = "tooling", "tooling", "{8E878B96-9684-413F-A406-6CE39EE400D0}"
EndProject
Project("{2150E333-8FDC-42A3-9474-1A3956D46DE8}") = "src", "src", "{4578AEDF-AC55-43DA-BE19-AAE1E1B6B59F}"
EndProject
Project("{FAE04EC0-301F-11D3-BF4B-00C04F79EFBC}") = "Assimalign.OGraph.Cli", ".submodules\ograph\tooling\src\Assimalign.OGraph.Cli\Assimalign.OGraph.Cli.csproj", "{18862EA4-3C41-4735-BD45-62E30170A4BA}"
EndProject
Project("{2150E333-8FDC-42A3-9474-1A3956D46DE8}") = "ograph-aspnetcore", "ograph-aspnetcore", "{AA2787D2-07C9-4504-B019-AE63E14B56F2}"
EndProject
Project("{2150E333-8FDC-42A3-9474-1A3956D46DE8}") = "libraries", "libraries", "{14C8606F-56EF-46B5-984D-736A41AEDB81}"
EndProject
Project("{FAE04EC0-301F-11D3-BF4B-00C04F79EFBC}") = "OGraph.AspNetCore", ".submodules\ograph-aspnetcore\libraries\OGraph.AspNetCore\OGraph.AspNetCore.csproj", "{D07E6ABA-8014-4C73-B174-DE2F25B2FAE6}"
EndProject
Project("{2150E333-8FDC-42A3-9474-1A3956D46DE8}") = "sdk", "sdk", "{CC703687-31C5-4248-988A-D08578C3F9C6}"
EndProject
Project("{2150E333-8FDC-42A3-9474-1A3956D46DE8}") = "src", "src", "{6B566FB6-40DD-4A6C-8257-861B6D1F5FFB}"
EndProject
Project("{2150E333-8FDC-42A3-9474-1A3956D46DE8}") = "tests", "tests", "{B445CD51-7AD3-4DA2-934F-84B4A7BFE4C8}"
EndProject
Project("{FAE04EC0-301F-11D3-BF4B-00C04F79EFBC}") = "Assimalign.OGraph", ".submodules\ograph\libraries\Core\src\Assimalign.OGraph\Assimalign.OGraph.csproj", "{554B30FA-5B06-4EFE-87D9-23D3570F5E10}"
EndProject
Project("{FAE04EC0-301F-11D3-BF4B-00C04F79EFBC}") = "MyData.Clients.UsCensus", "integrations\clients\src\MyData.Clients.UsCensus\MyData.Clients.UsCensus.csproj", "{CCA2213C-D496-4E6A-9860-812E3DDB7375}"
EndProject
Project("{FAE04EC0-301F-11D3-BF4B-00C04F79EFBC}") = "MyData.Clients.UsCensus.IntgTests", "integrations\clients\tests\MyData.Clients.UsCensus.IntgTests\MyData.Clients.UsCensus.IntgTests.csproj", "{34CE5009-0574-4B8B-8C18-B882876464C2}"
EndProject
Project("{FAE04EC0-301F-11D3-BF4B-00C04F79EFBC}") = "MyData.Clients.Usbea", "integrations\clients\src\MyData.Clients.Usbea\MyData.Clients.Usbea.csproj", "{D2569AB9-BEE0-490E-8D96-B43E82092902}"
EndProject
Project("{FAE04EC0-301F-11D3-BF4B-00C04F79EFBC}") = "MyData.Clients.Usbls", "integrations\clients\src\MyData.Clients.Usbls\MyData.Clients.Usbls.csproj", "{C2E12202-AFD5-4FE4-82E1-F8C1F13A9DFC}"
EndProject
Project("{FAE04EC0-301F-11D3-BF4B-00C04F79EFBC}") = "MyData.Clients.Usda", "integrations\clients\src\MyData.Clients.Usda\MyData.Clients.Usda.csproj", "{80D9C4A9-91B0-4444-A620-FAA9B206B050}"
EndProject
Project("{FAE04EC0-301F-11D3-BF4B-00C04F79EFBC}") = "MyData.Clients.Usfda", "integrations\clients\src\MyData.Clients.Usfda\MyData.Clients.Usfda.csproj", "{C301F144-0398-41E0-AAC2-7B8CBDCC7BFE}"
EndProject
Project("{FAE04EC0-301F-11D3-BF4B-00C04F79EFBC}") = "MyData.Clients.CaCensus", "integrations\clients\src\MyData.Clients.CaCensus\MyData.Clients.CaCensus.csproj", "{FDB10A65-EA41-454F-9D88-815F826FFCFB}"
EndProject
Project("{FAE04EC0-301F-11D3-BF4B-00C04F79EFBC}") = "MyData.Clients.JpCensus", "integrations\clients\src\MyData.Clients.JpCensus\MyData.Clients.JpCensus.csproj", "{239BB35A-2972-4DF6-955D-9F954909D0EF}"
EndProject
Project("{FAE04EC0-301F-11D3-BF4B-00C04F79EFBC}") = "MyData.Clients.UkCensus", "integrations\clients\src\MyData.Clients.UkCensus\MyData.Clients.UkCensus.csproj", "{4C4A5397-B34C-4336-9B34-4E7C5D3EFC9C}"
EndProject
Project("{2150E333-8FDC-42A3-9474-1A3956D46DE8}") = "Usa", "Usa", "{7946C111-A2F4-489A-A769-ED4512A09323}"
EndProject
Project("{2150E333-8FDC-42A3-9474-1A3956D46DE8}") = "Japan", "Japan", "{9D5CB7DB-FA68-4168-A51D-90C17D2421F9}"
EndProject
Project("{2150E333-8FDC-42A3-9474-1A3956D46DE8}") = "Canada", "Canada", "{7C3A8559-8A42-4429-A97E-128A63991497}"
EndProject
Project("{2150E333-8FDC-42A3-9474-1A3956D46DE8}") = "UnitedKingdom", "UnitedKingdom", "{4BAB0E7D-E04A-4E06-8CCC-BE082DA124AB}"
EndProject
Project("{2150E333-8FDC-42A3-9474-1A3956D46DE8}") = "SouthKorea", "SouthKorea", "{151A370C-89C2-40F6-836E-1A0BCB020ECE}"
EndProject
Project("{2150E333-8FDC-42A3-9474-1A3956D46DE8}") = "Germany", "Germany", "{7047C7AB-1BED-4BD8-ADEE-E88A653AFEC5}"
EndProject
Project("{2150E333-8FDC-42A3-9474-1A3956D46DE8}") = "Spain", "Spain", "{95FEF181-A739-4207-96B4-D58691A8C958}"
EndProject
Project("{2150E333-8FDC-42A3-9474-1A3956D46DE8}") = "Russia", "Russia", "{E4A566A9-AA88-486D-BC99-A4E7A152FF3D}"
EndProject
Project("{2150E333-8FDC-42A3-9474-1A3956D46DE8}") = "Mexico", "Mexico", "{290B8CEE-0FB0-45B6-BAFA-637A579F783E}"
EndProject
Project("{2150E333-8FDC-42A3-9474-1A3956D46DE8}") = "Switzerland", "Switzerland", "{83C747C9-0923-4903-81B8-581041824FA9}"
EndProject
Project("{2150E333-8FDC-42A3-9474-1A3956D46DE8}") = "Albania", "Albania", "{2BA59B0F-57B8-469B-82DC-3D2CBFBC16C9}"
EndProject
Project("{2150E333-8FDC-42A3-9474-1A3956D46DE8}") = "Poland", "Poland", "{58D2E07B-F3E7-4048-B0A3-70367292A4EC}"
EndProject
Project("{2150E333-8FDC-42A3-9474-1A3956D46DE8}") = "Czech Republic", "Czech Republic", "{FC704C77-EBE9-4F8E-ADB8-D774A51C450D}"
EndProject
Project("{2150E333-8FDC-42A3-9474-1A3956D46DE8}") = "China", "China", "{69F1D227-C060-41C0-BAB6-2DDE7B146FB1}"
EndProject
Project("{2150E333-8FDC-42A3-9474-1A3956D46DE8}") = "Venezuela", "Venezuela", "{6154C32C-3A41-47BE-BACD-7CD873323A74}"
EndProject
Project("{2150E333-8FDC-42A3-9474-1A3956D46DE8}") = "Itally", "Itally", "{5B14788B-1103-4BE5-A5CE-86F13462FA5B}"
EndProject
Project("{2150E333-8FDC-42A3-9474-1A3956D46DE8}") = "India", "India", "{CFB4F28B-39E9-4FC7-A67A-E3109C894D03}"
EndProject
Project("{2150E333-8FDC-42A3-9474-1A3956D46DE8}") = "SouthAfrica", "SouthAfrica", "{2316F139-BBE6-402E-A055-7F418DCED2A7}"
EndProject
Project("{2150E333-8FDC-42A3-9474-1A3956D46DE8}") = "Chile", "Chile", "{D6959B22-374C-4098-879D-534A25D9BD3A}"
EndProject
Project("{2150E333-8FDC-42A3-9474-1A3956D46DE8}") = "Sweden", "Sweden", "{439977D9-133C-4B51-9A22-E62ADF8C0156}"
EndProject
Project("{2150E333-8FDC-42A3-9474-1A3956D46DE8}") = "Countries", "Countries", "{D2F6C8E0-9E0F-40DA-940C-0436730201B4}"
EndProject
Project("{2150E333-8FDC-42A3-9474-1A3956D46DE8}") = "Europe", "Europe", "{A471BE36-DEC9-426A-B9AA-3BF8B679DC08}"
EndProject
Project("{2150E333-8FDC-42A3-9474-1A3956D46DE8}") = "Asia", "Asia", "{F104FA05-914A-4D1C-861F-11CAAE8C3959}"
EndProject
Project("{2150E333-8FDC-42A3-9474-1A3956D46DE8}") = "Africa", "Africa", "{C3804FDD-46B2-4B89-89CA-2C879852E0C2}"
EndProject
Project("{2150E333-8FDC-42A3-9474-1A3956D46DE8}") = "South America", "South America", "{3CC36496-7CAB-4D8F-A677-389530ADE0ED}"
EndProject
Project("{2150E333-8FDC-42A3-9474-1A3956D46DE8}") = "North America", "North America", "{0AB8F05A-9F8B-4347-AEB0-F1DF070DBA81}"
EndProject
Project("{2150E333-8FDC-42A3-9474-1A3956D46DE8}") = "Americas", "Americas", "{6B29317F-FE39-47EC-BE5F-E037EFC18AF7}"
EndProject
Project("{2150E333-8FDC-42A3-9474-1A3956D46DE8}") = "Oceania", "Oceania", "{9126AF8E-8907-4CC3-86DF-922A27964E04}"
EndProject
Project("{2150E333-8FDC-42A3-9474-1A3956D46DE8}") = "Markets", "Markets", "{8E09119B-F989-4EC7-91DD-B5F5A98162C7}"
EndProject
Project("{2150E333-8FDC-42A3-9474-1A3956D46DE8}") = "Netherlands", "Netherlands", "{4094894E-4731-4EF2-9944-4352EA3F7348}"
EndProject
Project("{2150E333-8FDC-42A3-9474-1A3956D46DE8}") = "Ireland", "Ireland", "{94062F02-11CD-4C7B-91FC-E4E5F6D60AE0}"
EndProject
Project("{2150E333-8FDC-42A3-9474-1A3956D46DE8}") = "France", "France", "{979A7194-843A-4E1C-BFDA-06CF55FFA14E}"
EndProject
Project("{2150E333-8FDC-42A3-9474-1A3956D46DE8}") = "Liechtenstein", "Liechtenstein", "{6EC91FBC-0A05-4CA7-A1B1-D043C2AE20B7}"
EndProject
Project("{2150E333-8FDC-42A3-9474-1A3956D46DE8}") = "Monaco", "Monaco", "{20A1AF68-DF4A-4BD4-9FF3-2F5C4BD4B111}"
EndProject
Project("{2150E333-8FDC-42A3-9474-1A3956D46DE8}") = "Belgium", "Belgium", "{01E1FDAA-A1DE-4015-859F-D33C7BA2525C}"
EndProject
Project("{2150E333-8FDC-42A3-9474-1A3956D46DE8}") = "Hungary", "Hungary", "{0F599328-9443-45BB-974C-C479FF82193D}"
EndProject
Project("{2150E333-8FDC-42A3-9474-1A3956D46DE8}") = "Slovenia", "Slovenia", "{2448107D-75F0-4286-BEE7-66D5D93FA804}"
EndProject
Project("{2150E333-8FDC-42A3-9474-1A3956D46DE8}") = "Austria", "Austria", "{391FAC31-2987-442D-9FAC-7A61C8A41C51}"
EndProject
Project("{2150E333-8FDC-42A3-9474-1A3956D46DE8}") = "Slovak", "Slovak", "{F5DB26B3-1C24-43B1-91A6-C433051BC443}"
EndProject
Project("{2150E333-8FDC-42A3-9474-1A3956D46DE8}") = "Andorra", "Andorra", "{D9FEA186-CD9B-4FF7-8736-07AA2F975908}"
EndProject
Project("{2150E333-8FDC-42A3-9474-1A3956D46DE8}") = "Hellenic", "Hellenic", "{671FF465-F11B-4B8E-9978-CC0D705B029E}"
EndProject
Project("{2150E333-8FDC-42A3-9474-1A3956D46DE8}") = "Cyprus", "Cyprus", "{205B1FA8-D3DD-4FF9-B1A2-8EC163AF29E2}"
EndProject
Project("{2150E333-8FDC-42A3-9474-1A3956D46DE8}") = "SanMarino", "SanMarino", "{4772E9AC-9F2D-432D-BF05-63AC8C3EC870}"
EndProject
Project("{2150E333-8FDC-42A3-9474-1A3956D46DE8}") = "Gibraltar", "Gibraltar", "{AB9FCD1E-051C-4120-ABCD-F625432AED7C}"
EndProject
Project("{2150E333-8FDC-42A3-9474-1A3956D46DE8}") = "Malta", "Malta", "{478EDA32-787A-45D3-833D-1726EACB8BFB}"
EndProject
Project("{2150E333-8FDC-42A3-9474-1A3956D46DE8}") = "Portugal", "Portugal", "{97AC9621-CF0F-47B2-A2DC-9BD5808C33A8}"
EndProject
Project("{2150E333-8FDC-42A3-9474-1A3956D46DE8}") = "Croatia", "Croatia", "{A56FE9BA-F02F-4B18-A2DF-A04CB0049762}"
EndProject
Project("{2150E333-8FDC-42A3-9474-1A3956D46DE8}") = "Montenegro", "Montenegro", "{D99833F8-6BE0-4707-AA66-008B371DA874}"
EndProject
Project("{2150E333-8FDC-42A3-9474-1A3956D46DE8}") = "Serbia", "Serbia", "{13915C55-7C99-4955-B8F6-066EBFC0D01B}"
EndProject
Project("{2150E333-8FDC-42A3-9474-1A3956D46DE8}") = "Finland", "Finland", "{40047545-D7B2-485A-8B95-E31CEB9351D4}"
EndProject
Project("{2150E333-8FDC-42A3-9474-1A3956D46DE8}") = "Iceland", "Iceland", "{8EA5D24D-1BB9-4A50-93AC-6142DA0B5A76}"
EndProject
Project("{2150E333-8FDC-42A3-9474-1A3956D46DE8}") = "Denmark", "Denmark", "{5E42B7BD-3BE3-430B-9A5A-CB0E6304D114}"
EndProject
Project("{2150E333-8FDC-42A3-9474-1A3956D46DE8}") = "Congo", "Congo", "{9A73454B-CB8F-443D-9525-EBA6F68081F6}"
EndProject
Project("{2150E333-8FDC-42A3-9474-1A3956D46DE8}") = "Indonesia", "Indonesia", "{A239A10A-639F-4D9F-90C0-ECE0143CD653}"
EndProject
Project("{2150E333-8FDC-42A3-9474-1A3956D46DE8}") = "gateway", "gateway", "{2A4E1234-E93A-4FA2-80F3-19735D3FB5D7}"
EndProject
Project("{2150E333-8FDC-42A3-9474-1A3956D46DE8}") = "src", "src", "{A621E082-384F-49C7-BB5F-2990FC2582BA}"
EndProject
Project("{FAE04EC0-301F-11D3-BF4B-00C04F79EFBC}") = "MyData.Core.Subcriptions", "domains\core\src\MyData.Core.Subcriptions\MyData.Core.Subcriptions.csproj", "{FA448186-1A19-4DCE-9562-43B5A66E47FF}"
EndProject
Global
	GlobalSection(SolutionConfigurationPlatforms) = preSolution
		Debug|Any CPU = Debug|Any CPU
		Release|Any CPU = Release|Any CPU
	EndGlobalSection
	GlobalSection(ProjectConfigurationPlatforms) = postSolution
		{030F8C92-E0E0-495A-AEF7-E65CBD61061C}.Debug|Any CPU.ActiveCfg = Debug|Any CPU
		{030F8C92-E0E0-495A-AEF7-E65CBD61061C}.Debug|Any CPU.Build.0 = Debug|Any CPU
		{030F8C92-E0E0-495A-AEF7-E65CBD61061C}.Release|Any CPU.ActiveCfg = Release|Any CPU
		{030F8C92-E0E0-495A-AEF7-E65CBD61061C}.Release|Any CPU.Build.0 = Release|Any CPU
		{54CEC889-10DB-4180-9E3F-61127CB24B64}.Debug|Any CPU.ActiveCfg = Debug|Any CPU
		{54CEC889-10DB-4180-9E3F-61127CB24B64}.Debug|Any CPU.Build.0 = Debug|Any CPU
		{54CEC889-10DB-4180-9E3F-61127CB24B64}.Release|Any CPU.ActiveCfg = Release|Any CPU
		{54CEC889-10DB-4180-9E3F-61127CB24B64}.Release|Any CPU.Build.0 = Release|Any CPU
		{5E1D1A91-EA0D-4733-9C05-31C29FFB13D5}.Debug|Any CPU.ActiveCfg = Debug|Any CPU
		{5E1D1A91-EA0D-4733-9C05-31C29FFB13D5}.Debug|Any CPU.Build.0 = Debug|Any CPU
		{5E1D1A91-EA0D-4733-9C05-31C29FFB13D5}.Release|Any CPU.ActiveCfg = Release|Any CPU
		{5E1D1A91-EA0D-4733-9C05-31C29FFB13D5}.Release|Any CPU.Build.0 = Release|Any CPU
		{08E42565-C7BE-4348-9F3E-F0ECF4B9D31C}.Debug|Any CPU.ActiveCfg = Debug|Any CPU
		{08E42565-C7BE-4348-9F3E-F0ECF4B9D31C}.Debug|Any CPU.Build.0 = Debug|Any CPU
		{08E42565-C7BE-4348-9F3E-F0ECF4B9D31C}.Release|Any CPU.ActiveCfg = Release|Any CPU
		{08E42565-C7BE-4348-9F3E-F0ECF4B9D31C}.Release|Any CPU.Build.0 = Release|Any CPU
		{F89888BC-7DD1-4088-8E5F-D31C5DE3C5D9}.Debug|Any CPU.ActiveCfg = Debug|Any CPU
		{F89888BC-7DD1-4088-8E5F-D31C5DE3C5D9}.Debug|Any CPU.Build.0 = Debug|Any CPU
		{F89888BC-7DD1-4088-8E5F-D31C5DE3C5D9}.Release|Any CPU.ActiveCfg = Release|Any CPU
		{F89888BC-7DD1-4088-8E5F-D31C5DE3C5D9}.Release|Any CPU.Build.0 = Release|Any CPU
		{D5BEBD18-C086-4808-BBB3-A81ACAFDA756}.Debug|Any CPU.ActiveCfg = Debug|Any CPU
		{D5BEBD18-C086-4808-BBB3-A81ACAFDA756}.Debug|Any CPU.Build.0 = Debug|Any CPU
		{D5BEBD18-C086-4808-BBB3-A81ACAFDA756}.Release|Any CPU.ActiveCfg = Release|Any CPU
		{D5BEBD18-C086-4808-BBB3-A81ACAFDA756}.Release|Any CPU.Build.0 = Release|Any CPU
		{3AEB5ACB-21CC-47D7-803D-7AF9D6F8F2B8}.Debug|Any CPU.ActiveCfg = Debug|Any CPU
		{3AEB5ACB-21CC-47D7-803D-7AF9D6F8F2B8}.Debug|Any CPU.Build.0 = Debug|Any CPU
		{3AEB5ACB-21CC-47D7-803D-7AF9D6F8F2B8}.Release|Any CPU.ActiveCfg = Release|Any CPU
		{3AEB5ACB-21CC-47D7-803D-7AF9D6F8F2B8}.Release|Any CPU.Build.0 = Release|Any CPU
		{3A0128E0-77D2-456E-BE45-BBE2AA23FC6C}.Debug|Any CPU.ActiveCfg = Debug|Any CPU
		{3A0128E0-77D2-456E-BE45-BBE2AA23FC6C}.Debug|Any CPU.Build.0 = Debug|Any CPU
		{3A0128E0-77D2-456E-BE45-BBE2AA23FC6C}.Release|Any CPU.ActiveCfg = Release|Any CPU
		{3A0128E0-77D2-456E-BE45-BBE2AA23FC6C}.Release|Any CPU.Build.0 = Release|Any CPU
		{E858942F-329B-40BA-8565-0178B7B90E6E}.Debug|Any CPU.ActiveCfg = Debug|Any CPU
		{E858942F-329B-40BA-8565-0178B7B90E6E}.Debug|Any CPU.Build.0 = Debug|Any CPU
		{E858942F-329B-40BA-8565-0178B7B90E6E}.Release|Any CPU.ActiveCfg = Release|Any CPU
		{E858942F-329B-40BA-8565-0178B7B90E6E}.Release|Any CPU.Build.0 = Release|Any CPU
		{E4AC266A-D18F-4E73-9599-B259941CA313}.Debug|Any CPU.ActiveCfg = Debug|Any CPU
		{E4AC266A-D18F-4E73-9599-B259941CA313}.Debug|Any CPU.Build.0 = Debug|Any CPU
		{E4AC266A-D18F-4E73-9599-B259941CA313}.Release|Any CPU.ActiveCfg = Release|Any CPU
		{E4AC266A-D18F-4E73-9599-B259941CA313}.Release|Any CPU.Build.0 = Release|Any CPU
		{7BF64E57-B298-4B54-9D25-16B24F39DD93}.Debug|Any CPU.ActiveCfg = Debug|Any CPU
		{7BF64E57-B298-4B54-9D25-16B24F39DD93}.Debug|Any CPU.Build.0 = Debug|Any CPU
		{7BF64E57-B298-4B54-9D25-16B24F39DD93}.Release|Any CPU.ActiveCfg = Release|Any CPU
		{7BF64E57-B298-4B54-9D25-16B24F39DD93}.Release|Any CPU.Build.0 = Release|Any CPU
		{C12C7B28-E329-4EF4-9540-4757F2B3FFF4}.Debug|Any CPU.ActiveCfg = Debug|Any CPU
		{C12C7B28-E329-4EF4-9540-4757F2B3FFF4}.Debug|Any CPU.Build.0 = Debug|Any CPU
		{C12C7B28-E329-4EF4-9540-4757F2B3FFF4}.Release|Any CPU.ActiveCfg = Release|Any CPU
		{C12C7B28-E329-4EF4-9540-4757F2B3FFF4}.Release|Any CPU.Build.0 = Release|Any CPU
		{875C07BC-AA1C-433A-8AB8-1603D5A375B7}.Debug|Any CPU.ActiveCfg = Debug|Any CPU
		{875C07BC-AA1C-433A-8AB8-1603D5A375B7}.Debug|Any CPU.Build.0 = Debug|Any CPU
		{875C07BC-AA1C-433A-8AB8-1603D5A375B7}.Release|Any CPU.ActiveCfg = Release|Any CPU
		{875C07BC-AA1C-433A-8AB8-1603D5A375B7}.Release|Any CPU.Build.0 = Release|Any CPU
		{54E580D2-67E1-4C87-A269-618D40FD8BC2}.Debug|Any CPU.ActiveCfg = Debug|Any CPU
		{54E580D2-67E1-4C87-A269-618D40FD8BC2}.Debug|Any CPU.Build.0 = Debug|Any CPU
		{54E580D2-67E1-4C87-A269-618D40FD8BC2}.Release|Any CPU.ActiveCfg = Release|Any CPU
		{54E580D2-67E1-4C87-A269-618D40FD8BC2}.Release|Any CPU.Build.0 = Release|Any CPU
		{B025A723-B473-4065-823D-FDF285410F34}.Debug|Any CPU.ActiveCfg = Debug|Any CPU
		{B025A723-B473-4065-823D-FDF285410F34}.Debug|Any CPU.Build.0 = Debug|Any CPU
		{B025A723-B473-4065-823D-FDF285410F34}.Release|Any CPU.ActiveCfg = Release|Any CPU
		{B025A723-B473-4065-823D-FDF285410F34}.Release|Any CPU.Build.0 = Release|Any CPU
		{471B894E-DB4F-49BB-8B1C-6335D3CC082C}.Debug|Any CPU.ActiveCfg = Debug|Any CPU
		{471B894E-DB4F-49BB-8B1C-6335D3CC082C}.Debug|Any CPU.Build.0 = Debug|Any CPU
		{471B894E-DB4F-49BB-8B1C-6335D3CC082C}.Release|Any CPU.ActiveCfg = Release|Any CPU
		{471B894E-DB4F-49BB-8B1C-6335D3CC082C}.Release|Any CPU.Build.0 = Release|Any CPU
		{4D90E3F1-7548-48FC-9ECA-FA3836F6F732}.Debug|Any CPU.ActiveCfg = Debug|Any CPU
		{4D90E3F1-7548-48FC-9ECA-FA3836F6F732}.Debug|Any CPU.Build.0 = Debug|Any CPU
		{4D90E3F1-7548-48FC-9ECA-FA3836F6F732}.Release|Any CPU.ActiveCfg = Release|Any CPU
		{4D90E3F1-7548-48FC-9ECA-FA3836F6F732}.Release|Any CPU.Build.0 = Release|Any CPU
		{4FF99D96-C2A1-4CCF-AD3D-A59E5E2F5D27}.Debug|Any CPU.ActiveCfg = Debug|Any CPU
		{4FF99D96-C2A1-4CCF-AD3D-A59E5E2F5D27}.Debug|Any CPU.Build.0 = Debug|Any CPU
		{4FF99D96-C2A1-4CCF-AD3D-A59E5E2F5D27}.Release|Any CPU.ActiveCfg = Release|Any CPU
		{4FF99D96-C2A1-4CCF-AD3D-A59E5E2F5D27}.Release|Any CPU.Build.0 = Release|Any CPU
		{6F746090-FDC8-4D14-A260-0D1DCDCF6E6D}.Debug|Any CPU.ActiveCfg = Debug|Any CPU
		{6F746090-FDC8-4D14-A260-0D1DCDCF6E6D}.Debug|Any CPU.Build.0 = Debug|Any CPU
		{6F746090-FDC8-4D14-A260-0D1DCDCF6E6D}.Release|Any CPU.ActiveCfg = Release|Any CPU
		{6F746090-FDC8-4D14-A260-0D1DCDCF6E6D}.Release|Any CPU.Build.0 = Release|Any CPU
		{9DB13381-1405-407E-A89D-3DEC080AA2A9}.Debug|Any CPU.ActiveCfg = Debug|Any CPU
		{9DB13381-1405-407E-A89D-3DEC080AA2A9}.Debug|Any CPU.Build.0 = Debug|Any CPU
		{9DB13381-1405-407E-A89D-3DEC080AA2A9}.Release|Any CPU.ActiveCfg = Release|Any CPU
		{9DB13381-1405-407E-A89D-3DEC080AA2A9}.Release|Any CPU.Build.0 = Release|Any CPU
		{A9E874CD-C39D-4D18-A59C-FA4CF9ACED41}.Debug|Any CPU.ActiveCfg = Debug|Any CPU
		{A9E874CD-C39D-4D18-A59C-FA4CF9ACED41}.Debug|Any CPU.Build.0 = Debug|Any CPU
		{A9E874CD-C39D-4D18-A59C-FA4CF9ACED41}.Release|Any CPU.ActiveCfg = Release|Any CPU
		{A9E874CD-C39D-4D18-A59C-FA4CF9ACED41}.Release|Any CPU.Build.0 = Release|Any CPU
		{DA467789-D333-4361-B412-3EA7DCE8A186}.Debug|Any CPU.ActiveCfg = Debug|Any CPU
		{DA467789-D333-4361-B412-3EA7DCE8A186}.Debug|Any CPU.Build.0 = Debug|Any CPU
		{DA467789-D333-4361-B412-3EA7DCE8A186}.Release|Any CPU.ActiveCfg = Release|Any CPU
		{DA467789-D333-4361-B412-3EA7DCE8A186}.Release|Any CPU.Build.0 = Release|Any CPU
		{E6641775-D8D3-4306-9CB8-441508119976}.Debug|Any CPU.ActiveCfg = Debug|Any CPU
		{E6641775-D8D3-4306-9CB8-441508119976}.Debug|Any CPU.Build.0 = Debug|Any CPU
		{E6641775-D8D3-4306-9CB8-441508119976}.Release|Any CPU.ActiveCfg = Release|Any CPU
		{E6641775-D8D3-4306-9CB8-441508119976}.Release|Any CPU.Build.0 = Release|Any CPU
		{9044389F-BB7E-4F0D-8481-FAB459B7E588}.Debug|Any CPU.ActiveCfg = Debug|Any CPU
		{9044389F-BB7E-4F0D-8481-FAB459B7E588}.Debug|Any CPU.Build.0 = Debug|Any CPU
		{9044389F-BB7E-4F0D-8481-FAB459B7E588}.Release|Any CPU.ActiveCfg = Release|Any CPU
		{9044389F-BB7E-4F0D-8481-FAB459B7E588}.Release|Any CPU.Build.0 = Release|Any CPU
		{21DB5A18-0FC2-4CE9-9253-1961349B03C5}.Debug|Any CPU.ActiveCfg = Debug|Any CPU
		{21DB5A18-0FC2-4CE9-9253-1961349B03C5}.Debug|Any CPU.Build.0 = Debug|Any CPU
		{21DB5A18-0FC2-4CE9-9253-1961349B03C5}.Release|Any CPU.ActiveCfg = Release|Any CPU
		{21DB5A18-0FC2-4CE9-9253-1961349B03C5}.Release|Any CPU.Build.0 = Release|Any CPU
		{F9DEC0CF-C4B0-4A88-8904-24408889DF71}.Debug|Any CPU.ActiveCfg = Debug|Any CPU
		{F9DEC0CF-C4B0-4A88-8904-24408889DF71}.Debug|Any CPU.Build.0 = Debug|Any CPU
		{F9DEC0CF-C4B0-4A88-8904-24408889DF71}.Release|Any CPU.ActiveCfg = Release|Any CPU
		{F9DEC0CF-C4B0-4A88-8904-24408889DF71}.Release|Any CPU.Build.0 = Release|Any CPU
		{E6C40058-2ECE-4A6F-BCC9-826DC19E7B4E}.Debug|Any CPU.ActiveCfg = Debug|Any CPU
		{E6C40058-2ECE-4A6F-BCC9-826DC19E7B4E}.Debug|Any CPU.Build.0 = Debug|Any CPU
		{E6C40058-2ECE-4A6F-BCC9-826DC19E7B4E}.Release|Any CPU.ActiveCfg = Release|Any CPU
		{E6C40058-2ECE-4A6F-BCC9-826DC19E7B4E}.Release|Any CPU.Build.0 = Release|Any CPU
		{0C9E4A99-B703-4C68-9948-AB8F3EEA0C73}.Debug|Any CPU.ActiveCfg = Debug|Any CPU
		{0C9E4A99-B703-4C68-9948-AB8F3EEA0C73}.Debug|Any CPU.Build.0 = Debug|Any CPU
		{0C9E4A99-B703-4C68-9948-AB8F3EEA0C73}.Release|Any CPU.ActiveCfg = Release|Any CPU
		{0C9E4A99-B703-4C68-9948-AB8F3EEA0C73}.Release|Any CPU.Build.0 = Release|Any CPU
		{B613EAAF-1713-4EB8-AC83-D0770FF18B22}.Debug|Any CPU.ActiveCfg = Debug|Any CPU
		{B613EAAF-1713-4EB8-AC83-D0770FF18B22}.Debug|Any CPU.Build.0 = Debug|Any CPU
		{B613EAAF-1713-4EB8-AC83-D0770FF18B22}.Release|Any CPU.ActiveCfg = Release|Any CPU
		{B613EAAF-1713-4EB8-AC83-D0770FF18B22}.Release|Any CPU.Build.0 = Release|Any CPU
		{1FF6B7A2-54CF-4CA1-963A-3CE2603401B6}.Debug|Any CPU.ActiveCfg = Debug|Any CPU
		{1FF6B7A2-54CF-4CA1-963A-3CE2603401B6}.Debug|Any CPU.Build.0 = Debug|Any CPU
		{1FF6B7A2-54CF-4CA1-963A-3CE2603401B6}.Release|Any CPU.ActiveCfg = Release|Any CPU
		{1FF6B7A2-54CF-4CA1-963A-3CE2603401B6}.Release|Any CPU.Build.0 = Release|Any CPU
		{261455EF-F596-4121-B6B4-492361764FBE}.Debug|Any CPU.ActiveCfg = Debug|Any CPU
		{261455EF-F596-4121-B6B4-492361764FBE}.Debug|Any CPU.Build.0 = Debug|Any CPU
		{261455EF-F596-4121-B6B4-492361764FBE}.Release|Any CPU.ActiveCfg = Release|Any CPU
		{261455EF-F596-4121-B6B4-492361764FBE}.Release|Any CPU.Build.0 = Release|Any CPU
		{3D3FB313-2676-492D-BDA5-66F4245504EC}.Debug|Any CPU.ActiveCfg = Debug|Any CPU
		{3D3FB313-2676-492D-BDA5-66F4245504EC}.Debug|Any CPU.Build.0 = Debug|Any CPU
		{3D3FB313-2676-492D-BDA5-66F4245504EC}.Release|Any CPU.ActiveCfg = Release|Any CPU
		{3D3FB313-2676-492D-BDA5-66F4245504EC}.Release|Any CPU.Build.0 = Release|Any CPU
		{3E5C1483-E476-42A3-9067-419C807DF0BB}.Debug|Any CPU.ActiveCfg = Debug|Any CPU
		{3E5C1483-E476-42A3-9067-419C807DF0BB}.Debug|Any CPU.Build.0 = Debug|Any CPU
		{3E5C1483-E476-42A3-9067-419C807DF0BB}.Release|Any CPU.ActiveCfg = Release|Any CPU
		{3E5C1483-E476-42A3-9067-419C807DF0BB}.Release|Any CPU.Build.0 = Release|Any CPU
		{965701B8-D67B-4D14-9774-84F79AE5D434}.Debug|Any CPU.ActiveCfg = Debug|Any CPU
		{965701B8-D67B-4D14-9774-84F79AE5D434}.Debug|Any CPU.Build.0 = Debug|Any CPU
		{965701B8-D67B-4D14-9774-84F79AE5D434}.Release|Any CPU.ActiveCfg = Release|Any CPU
		{965701B8-D67B-4D14-9774-84F79AE5D434}.Release|Any CPU.Build.0 = Release|Any CPU
		{4B70E2B3-853F-4B1F-88A3-81A684647C13}.Debug|Any CPU.ActiveCfg = Debug|Any CPU
		{4B70E2B3-853F-4B1F-88A3-81A684647C13}.Debug|Any CPU.Build.0 = Debug|Any CPU
		{4B70E2B3-853F-4B1F-88A3-81A684647C13}.Release|Any CPU.ActiveCfg = Release|Any CPU
		{4B70E2B3-853F-4B1F-88A3-81A684647C13}.Release|Any CPU.Build.0 = Release|Any CPU
		{089C1A9D-1BAC-4731-80D2-1DA6BE892B0C}.Debug|Any CPU.ActiveCfg = Debug|Any CPU
		{089C1A9D-1BAC-4731-80D2-1DA6BE892B0C}.Debug|Any CPU.Build.0 = Debug|Any CPU
		{089C1A9D-1BAC-4731-80D2-1DA6BE892B0C}.Release|Any CPU.ActiveCfg = Release|Any CPU
		{089C1A9D-1BAC-4731-80D2-1DA6BE892B0C}.Release|Any CPU.Build.0 = Release|Any CPU
		{1DE3F450-222E-435A-86E5-9C0D5B061BB5}.Debug|Any CPU.ActiveCfg = Debug|Any CPU
		{1DE3F450-222E-435A-86E5-9C0D5B061BB5}.Debug|Any CPU.Build.0 = Debug|Any CPU
		{1DE3F450-222E-435A-86E5-9C0D5B061BB5}.Release|Any CPU.ActiveCfg = Release|Any CPU
		{1DE3F450-222E-435A-86E5-9C0D5B061BB5}.Release|Any CPU.Build.0 = Release|Any CPU
		{18862EA4-3C41-4735-BD45-62E30170A4BA}.Debug|Any CPU.ActiveCfg = Debug|Any CPU
		{18862EA4-3C41-4735-BD45-62E30170A4BA}.Debug|Any CPU.Build.0 = Debug|Any CPU
		{18862EA4-3C41-4735-BD45-62E30170A4BA}.Release|Any CPU.ActiveCfg = Release|Any CPU
		{18862EA4-3C41-4735-BD45-62E30170A4BA}.Release|Any CPU.Build.0 = Release|Any CPU
		{D07E6ABA-8014-4C73-B174-DE2F25B2FAE6}.Debug|Any CPU.ActiveCfg = Debug|Any CPU
		{D07E6ABA-8014-4C73-B174-DE2F25B2FAE6}.Debug|Any CPU.Build.0 = Debug|Any CPU
		{D07E6ABA-8014-4C73-B174-DE2F25B2FAE6}.Release|Any CPU.ActiveCfg = Release|Any CPU
		{D07E6ABA-8014-4C73-B174-DE2F25B2FAE6}.Release|Any CPU.Build.0 = Release|Any CPU
		{554B30FA-5B06-4EFE-87D9-23D3570F5E10}.Debug|Any CPU.ActiveCfg = Debug|Any CPU
		{554B30FA-5B06-4EFE-87D9-23D3570F5E10}.Debug|Any CPU.Build.0 = Debug|Any CPU
		{554B30FA-5B06-4EFE-87D9-23D3570F5E10}.Release|Any CPU.ActiveCfg = Release|Any CPU
		{554B30FA-5B06-4EFE-87D9-23D3570F5E10}.Release|Any CPU.Build.0 = Release|Any CPU
		{CCA2213C-D496-4E6A-9860-812E3DDB7375}.Debug|Any CPU.ActiveCfg = Debug|Any CPU
		{CCA2213C-D496-4E6A-9860-812E3DDB7375}.Debug|Any CPU.Build.0 = Debug|Any CPU
		{CCA2213C-D496-4E6A-9860-812E3DDB7375}.Release|Any CPU.ActiveCfg = Release|Any CPU
		{CCA2213C-D496-4E6A-9860-812E3DDB7375}.Release|Any CPU.Build.0 = Release|Any CPU
		{34CE5009-0574-4B8B-8C18-B882876464C2}.Debug|Any CPU.ActiveCfg = Debug|Any CPU
		{34CE5009-0574-4B8B-8C18-B882876464C2}.Debug|Any CPU.Build.0 = Debug|Any CPU
		{34CE5009-0574-4B8B-8C18-B882876464C2}.Release|Any CPU.ActiveCfg = Release|Any CPU
		{34CE5009-0574-4B8B-8C18-B882876464C2}.Release|Any CPU.Build.0 = Release|Any CPU
		{D2569AB9-BEE0-490E-8D96-B43E82092902}.Debug|Any CPU.ActiveCfg = Debug|Any CPU
		{D2569AB9-BEE0-490E-8D96-B43E82092902}.Debug|Any CPU.Build.0 = Debug|Any CPU
		{D2569AB9-BEE0-490E-8D96-B43E82092902}.Release|Any CPU.ActiveCfg = Release|Any CPU
		{D2569AB9-BEE0-490E-8D96-B43E82092902}.Release|Any CPU.Build.0 = Release|Any CPU
		{C2E12202-AFD5-4FE4-82E1-F8C1F13A9DFC}.Debug|Any CPU.ActiveCfg = Debug|Any CPU
		{C2E12202-AFD5-4FE4-82E1-F8C1F13A9DFC}.Debug|Any CPU.Build.0 = Debug|Any CPU
		{C2E12202-AFD5-4FE4-82E1-F8C1F13A9DFC}.Release|Any CPU.ActiveCfg = Release|Any CPU
		{C2E12202-AFD5-4FE4-82E1-F8C1F13A9DFC}.Release|Any CPU.Build.0 = Release|Any CPU
		{80D9C4A9-91B0-4444-A620-FAA9B206B050}.Debug|Any CPU.ActiveCfg = Debug|Any CPU
		{80D9C4A9-91B0-4444-A620-FAA9B206B050}.Debug|Any CPU.Build.0 = Debug|Any CPU
		{80D9C4A9-91B0-4444-A620-FAA9B206B050}.Release|Any CPU.ActiveCfg = Release|Any CPU
		{80D9C4A9-91B0-4444-A620-FAA9B206B050}.Release|Any CPU.Build.0 = Release|Any CPU
		{C301F144-0398-41E0-AAC2-7B8CBDCC7BFE}.Debug|Any CPU.ActiveCfg = Debug|Any CPU
		{C301F144-0398-41E0-AAC2-7B8CBDCC7BFE}.Debug|Any CPU.Build.0 = Debug|Any CPU
		{C301F144-0398-41E0-AAC2-7B8CBDCC7BFE}.Release|Any CPU.ActiveCfg = Release|Any CPU
		{C301F144-0398-41E0-AAC2-7B8CBDCC7BFE}.Release|Any CPU.Build.0 = Release|Any CPU
		{FDB10A65-EA41-454F-9D88-815F826FFCFB}.Debug|Any CPU.ActiveCfg = Debug|Any CPU
		{FDB10A65-EA41-454F-9D88-815F826FFCFB}.Debug|Any CPU.Build.0 = Debug|Any CPU
		{FDB10A65-EA41-454F-9D88-815F826FFCFB}.Release|Any CPU.ActiveCfg = Release|Any CPU
		{FDB10A65-EA41-454F-9D88-815F826FFCFB}.Release|Any CPU.Build.0 = Release|Any CPU
		{239BB35A-2972-4DF6-955D-9F954909D0EF}.Debug|Any CPU.ActiveCfg = Debug|Any CPU
		{239BB35A-2972-4DF6-955D-9F954909D0EF}.Debug|Any CPU.Build.0 = Debug|Any CPU
		{239BB35A-2972-4DF6-955D-9F954909D0EF}.Release|Any CPU.ActiveCfg = Release|Any CPU
		{239BB35A-2972-4DF6-955D-9F954909D0EF}.Release|Any CPU.Build.0 = Release|Any CPU
		{4C4A5397-B34C-4336-9B34-4E7C5D3EFC9C}.Debug|Any CPU.ActiveCfg = Debug|Any CPU
		{4C4A5397-B34C-4336-9B34-4E7C5D3EFC9C}.Debug|Any CPU.Build.0 = Debug|Any CPU
		{4C4A5397-B34C-4336-9B34-4E7C5D3EFC9C}.Release|Any CPU.ActiveCfg = Release|Any CPU
		{4C4A5397-B34C-4336-9B34-4E7C5D3EFC9C}.Release|Any CPU.Build.0 = Release|Any CPU
		{FA448186-1A19-4DCE-9562-43B5A66E47FF}.Debug|Any CPU.ActiveCfg = Debug|Any CPU
		{FA448186-1A19-4DCE-9562-43B5A66E47FF}.Debug|Any CPU.Build.0 = Debug|Any CPU
		{FA448186-1A19-4DCE-9562-43B5A66E47FF}.Release|Any CPU.ActiveCfg = Release|Any CPU
		{FA448186-1A19-4DCE-9562-43B5A66E47FF}.Release|Any CPU.Build.0 = Release|Any CPU
	EndGlobalSection
	GlobalSection(SolutionProperties) = preSolution
		HideSolutionNode = FALSE
	EndGlobalSection
	GlobalSection(NestedProjects) = preSolution
		{F9E2D6F9-5630-49AA-8D04-68F327DC6F63} = {0AB45C82-AA87-4CFB-B479-69D04B0C060D}
		{1F448786-2CAC-4D45-B117-8DE64E0DE0F3} = {F9E2D6F9-5630-49AA-8D04-68F327DC6F63}
		{030F8C92-E0E0-495A-AEF7-E65CBD61061C} = {1F448786-2CAC-4D45-B117-8DE64E0DE0F3}
		{ADB82759-31E8-42E5-B3E8-4BB5A7EDCF22} = {6B5258D4-D5E6-4CBE-BF94-AC2F37942828}
		{54CEC889-10DB-4180-9E3F-61127CB24B64} = {ADB82759-31E8-42E5-B3E8-4BB5A7EDCF22}
		{7F87C9E5-D163-44F0-9A9E-F9E61452D754} = {29ED34E9-B38C-4A52-99CC-605CC77BB1BD}
		{88B4969A-ACFC-473B-B06E-B808355AE765} = {7F87C9E5-D163-44F0-9A9E-F9E61452D754}
		{5E1D1A91-EA0D-4733-9C05-31C29FFB13D5} = {88B4969A-ACFC-473B-B06E-B808355AE765}
		{2FF48CA7-8916-4433-A97F-1CD7B8E4F8BD} = {29ED34E9-B38C-4A52-99CC-605CC77BB1BD}
		{390E1500-A3D6-463F-9326-19F2950A851E} = {2FF48CA7-8916-4433-A97F-1CD7B8E4F8BD}
		{08E42565-C7BE-4348-9F3E-F0ECF4B9D31C} = {390E1500-A3D6-463F-9326-19F2950A851E}
		{66EED73C-DB31-4972-92C7-AF25A045323F} = {29ED34E9-B38C-4A52-99CC-605CC77BB1BD}
		{C6D3F587-E5A1-42E8-882B-D77C34135920} = {66EED73C-DB31-4972-92C7-AF25A045323F}
		{F89888BC-7DD1-4088-8E5F-D31C5DE3C5D9} = {C6D3F587-E5A1-42E8-882B-D77C34135920}
		{AF942BBE-660C-4C42-A357-1A31EF9A61CB} = {29ED34E9-B38C-4A52-99CC-605CC77BB1BD}
		{B33C2B0D-48CE-48FA-8CD4-86471A82C9D6} = {AF942BBE-660C-4C42-A357-1A31EF9A61CB}
		{D5BEBD18-C086-4808-BBB3-A81ACAFDA756} = {B33C2B0D-48CE-48FA-8CD4-86471A82C9D6}
		{3F888E3B-508B-48A0-84FE-1E3B3E04071D} = {29ED34E9-B38C-4A52-99CC-605CC77BB1BD}
		{4CBFBBEE-0B8D-46D3-A02F-9004BEA8A8C2} = {3F888E3B-508B-48A0-84FE-1E3B3E04071D}
		{3AEB5ACB-21CC-47D7-803D-7AF9D6F8F2B8} = {4CBFBBEE-0B8D-46D3-A02F-9004BEA8A8C2}
		{F060B38F-50BA-4632-A102-C01EE647A148} = {44BAE9B1-FD8A-4C6B-BAF9-1B114F3315C4}
		{CE69D07D-5929-4484-BDCA-32718CD9B360} = {F060B38F-50BA-4632-A102-C01EE647A148}
		{3A0128E0-77D2-456E-BE45-BBE2AA23FC6C} = {CE69D07D-5929-4484-BDCA-32718CD9B360}
		{E858942F-329B-40BA-8565-0178B7B90E6E} = {CE69D07D-5929-4484-BDCA-32718CD9B360}
		{0E290774-4D97-4B4B-9E52-15074667146B} = {44BAE9B1-FD8A-4C6B-BAF9-1B114F3315C4}
		{860CDAAB-B955-44E3-BAB4-25651EA6407D} = {0E290774-4D97-4B4B-9E52-15074667146B}
		{E4AC266A-D18F-4E73-9599-B259941CA313} = {860CDAAB-B955-44E3-BAB4-25651EA6407D}
		{B7D4D32D-CC5A-44D0-9BA5-97CB0C8E0FCB} = {D6A5271D-39E6-4311-881D-A098AB468946}
		{68C791B8-C5E0-46EE-A7CF-6FCD4E05A89B} = {B7D4D32D-CC5A-44D0-9BA5-97CB0C8E0FCB}
		{7BF64E57-B298-4B54-9D25-16B24F39DD93} = {68C791B8-C5E0-46EE-A7CF-6FCD4E05A89B}
		{C12C7B28-E329-4EF4-9540-4757F2B3FFF4} = {68C791B8-C5E0-46EE-A7CF-6FCD4E05A89B}
		{E14333DE-090B-465D-9293-149320B37E98} = {B7D4D32D-CC5A-44D0-9BA5-97CB0C8E0FCB}
		{875C07BC-AA1C-433A-8AB8-1603D5A375B7} = {E14333DE-090B-465D-9293-149320B37E98}
		{84002B7A-5229-48DD-A1FD-179178BA12FC} = {29ED34E9-B38C-4A52-99CC-605CC77BB1BD}
		{8EA97703-3814-4704-8F7C-71376CB26715} = {84002B7A-5229-48DD-A1FD-179178BA12FC}
		{54E580D2-67E1-4C87-A269-618D40FD8BC2} = {8EA97703-3814-4704-8F7C-71376CB26715}
		{524736AC-AEBD-4211-A312-EAAB387116C5} = {F060B38F-50BA-4632-A102-C01EE647A148}
		{1B52DC54-B4BB-4836-B844-F3C1A47224A6} = {B7D4D32D-CC5A-44D0-9BA5-97CB0C8E0FCB}
		{87B19073-B6D8-4AF1-BB5E-0335FC7BA7C7} = {F060B38F-50BA-4632-A102-C01EE647A148}
		{BA353954-D2F1-42FE-81FA-C0543B62CE2E} = {0E290774-4D97-4B4B-9E52-15074667146B}
		{B025A723-B473-4065-823D-FDF285410F34} = {87B19073-B6D8-4AF1-BB5E-0335FC7BA7C7}
		{471B894E-DB4F-49BB-8B1C-6335D3CC082C} = {BA353954-D2F1-42FE-81FA-C0543B62CE2E}
		{4D90E3F1-7548-48FC-9ECA-FA3836F6F732} = {1B52DC54-B4BB-4836-B844-F3C1A47224A6}
		{C77F164D-09C7-4B85-9EA3-AB83288DCF62} = {0AB45C82-AA87-4CFB-B479-69D04B0C060D}
		{C5BD3324-66A1-4212-9561-90E084E4F10C} = {C77F164D-09C7-4B85-9EA3-AB83288DCF62}
		{4FF99D96-C2A1-4CCF-AD3D-A59E5E2F5D27} = {C5BD3324-66A1-4212-9561-90E084E4F10C}
		{F16A81F4-FAA2-43BD-A677-BA74FAD10D00} = {0AB45C82-AA87-4CFB-B479-69D04B0C060D}
		{F52FEFFA-97BA-4130-B90C-5A37B8853E9E} = {F16A81F4-FAA2-43BD-A677-BA74FAD10D00}
		{6F746090-FDC8-4D14-A260-0D1DCDCF6E6D} = {F52FEFFA-97BA-4130-B90C-5A37B8853E9E}
		{48A4655C-777B-4A10-BBF7-B0E898252185} = {0AB45C82-AA87-4CFB-B479-69D04B0C060D}
		{022734C3-4C73-4FBA-9A99-BAAC131743D0} = {48A4655C-777B-4A10-BBF7-B0E898252185}
		{9DB13381-1405-407E-A89D-3DEC080AA2A9} = {022734C3-4C73-4FBA-9A99-BAAC131743D0}
		{A9E874CD-C39D-4D18-A59C-FA4CF9ACED41} = {524736AC-AEBD-4211-A312-EAAB387116C5}
		{DA467789-D333-4361-B412-3EA7DCE8A186} = {8EA97703-3814-4704-8F7C-71376CB26715}
		{63457ECE-B981-4B62-ADA4-0E8D31FBD2D2} = {167FA816-7325-4D97-8BAB-A0B40CC92F62}
		{EA770B0A-8976-4514-A464-BDE294EA20EC} = {63457ECE-B981-4B62-ADA4-0E8D31FBD2D2}
		{C68C4640-E7E3-4820-A599-55B06E409F8F} = {EA770B0A-8976-4514-A464-BDE294EA20EC}
		{E6641775-D8D3-4306-9CB8-441508119976} = {C68C4640-E7E3-4820-A599-55B06E409F8F}
		{9044389F-BB7E-4F0D-8481-FAB459B7E588} = {C68C4640-E7E3-4820-A599-55B06E409F8F}
		{E5AF4A82-E816-4992-A0E0-43EC4D0D854F} = {63457ECE-B981-4B62-ADA4-0E8D31FBD2D2}
		{21DB5A18-0FC2-4CE9-9253-1961349B03C5} = {E5AF4A82-E816-4992-A0E0-43EC4D0D854F}
		{F9DEC0CF-C4B0-4A88-8904-24408889DF71} = {E5AF4A82-E816-4992-A0E0-43EC4D0D854F}
		{63E97FEA-43F6-414E-8C31-777541BDF02A} = {63457ECE-B981-4B62-ADA4-0E8D31FBD2D2}
		{8E0FA4ED-BB71-4241-B00C-605B3CB4E0FB} = {63E97FEA-43F6-414E-8C31-777541BDF02A}
		{DAC05CB5-36CC-4AE6-BB74-1C5CCC15190E} = {8E0FA4ED-BB71-4241-B00C-605B3CB4E0FB}
		{E6C40058-2ECE-4A6F-BCC9-826DC19E7B4E} = {DAC05CB5-36CC-4AE6-BB74-1C5CCC15190E}
		{B2C488A4-B0AC-4F2C-B0EB-B6BDBA387DBE} = {8E0FA4ED-BB71-4241-B00C-605B3CB4E0FB}
		{0C9E4A99-B703-4C68-9948-AB8F3EEA0C73} = {B2C488A4-B0AC-4F2C-B0EB-B6BDBA387DBE}
		{502B466A-F91B-4859-8062-ABFBFA28DA82} = {63E97FEA-43F6-414E-8C31-777541BDF02A}
		{1CEB5384-BF6D-4237-8523-B5F089797343} = {502B466A-F91B-4859-8062-ABFBFA28DA82}
		{B613EAAF-1713-4EB8-AC83-D0770FF18B22} = {1CEB5384-BF6D-4237-8523-B5F089797343}
		{F1CEAC24-5924-4F5A-9074-CC12B1B09325} = {63E97FEA-43F6-414E-8C31-777541BDF02A}
		{3E128AC1-8081-4B88-AFCE-80B96A2EDA85} = {F1CEAC24-5924-4F5A-9074-CC12B1B09325}
		{1FF6B7A2-54CF-4CA1-963A-3CE2603401B6} = {3E128AC1-8081-4B88-AFCE-80B96A2EDA85}
		{261455EF-F596-4121-B6B4-492361764FBE} = {3E128AC1-8081-4B88-AFCE-80B96A2EDA85}
		{3D3FB313-2676-492D-BDA5-66F4245504EC} = {3E128AC1-8081-4B88-AFCE-80B96A2EDA85}
		{E27AE8DF-DD59-48A9-8F00-BDC08C51345A} = {F1CEAC24-5924-4F5A-9074-CC12B1B09325}
		{3E5C1483-E476-42A3-9067-419C807DF0BB} = {E27AE8DF-DD59-48A9-8F00-BDC08C51345A}
		{F4F4CF44-E0AF-42E5-8B6A-BEFE3A187741} = {63E97FEA-43F6-414E-8C31-777541BDF02A}
		{C132D4BE-FE70-4DD0-869D-EDE36D4B51A0} = {F4F4CF44-E0AF-42E5-8B6A-BEFE3A187741}
		{965701B8-D67B-4D14-9774-84F79AE5D434} = {C132D4BE-FE70-4DD0-869D-EDE36D4B51A0}
		{95691B6B-11C1-4B86-9F2E-1BD4177789C2} = {F4F4CF44-E0AF-42E5-8B6A-BEFE3A187741}
		{4B70E2B3-853F-4B1F-88A3-81A684647C13} = {95691B6B-11C1-4B86-9F2E-1BD4177789C2}
		{BBFC0F20-DC9B-486A-9E1C-6E0C309C267C} = {63E97FEA-43F6-414E-8C31-777541BDF02A}
		{D4782D1C-2DBC-4051-B8D9-2C689090E2E2} = {BBFC0F20-DC9B-486A-9E1C-6E0C309C267C}
		{089C1A9D-1BAC-4731-80D2-1DA6BE892B0C} = {D4782D1C-2DBC-4051-B8D9-2C689090E2E2}
		{EA38668E-D3A8-466A-864C-5C0D11C145FA} = {BBFC0F20-DC9B-486A-9E1C-6E0C309C267C}
		{1DE3F450-222E-435A-86E5-9C0D5B061BB5} = {EA38668E-D3A8-466A-864C-5C0D11C145FA}
		{8E878B96-9684-413F-A406-6CE39EE400D0} = {63457ECE-B981-4B62-ADA4-0E8D31FBD2D2}
		{4578AEDF-AC55-43DA-BE19-AAE1E1B6B59F} = {8E878B96-9684-413F-A406-6CE39EE400D0}
		{18862EA4-3C41-4735-BD45-62E30170A4BA} = {4578AEDF-AC55-43DA-BE19-AAE1E1B6B59F}
		{AA2787D2-07C9-4504-B019-AE63E14B56F2} = {167FA816-7325-4D97-8BAB-A0B40CC92F62}
		{14C8606F-56EF-46B5-984D-736A41AEDB81} = {AA2787D2-07C9-4504-B019-AE63E14B56F2}
		{D07E6ABA-8014-4C73-B174-DE2F25B2FAE6} = {14C8606F-56EF-46B5-984D-736A41AEDB81}
		{CC703687-31C5-4248-988A-D08578C3F9C6} = {63457ECE-B981-4B62-ADA4-0E8D31FBD2D2}
		{6B566FB6-40DD-4A6C-8257-861B6D1F5FFB} = {CC703687-31C5-4248-988A-D08578C3F9C6}
		{B445CD51-7AD3-4DA2-934F-84B4A7BFE4C8} = {502B466A-F91B-4859-8062-ABFBFA28DA82}
		{554B30FA-5B06-4EFE-87D9-23D3570F5E10} = {1CEB5384-BF6D-4237-8523-B5F089797343}
		{CCA2213C-D496-4E6A-9860-812E3DDB7375} = {7946C111-A2F4-489A-A769-ED4512A09323}
		{34CE5009-0574-4B8B-8C18-B882876464C2} = {E14333DE-090B-465D-9293-149320B37E98}
		{D2569AB9-BEE0-490E-8D96-B43E82092902} = {7946C111-A2F4-489A-A769-ED4512A09323}
		{C2E12202-AFD5-4FE4-82E1-F8C1F13A9DFC} = {7946C111-A2F4-489A-A769-ED4512A09323}
		{80D9C4A9-91B0-4444-A620-FAA9B206B050} = {7946C111-A2F4-489A-A769-ED4512A09323}
		{C301F144-0398-41E0-AAC2-7B8CBDCC7BFE} = {7946C111-A2F4-489A-A769-ED4512A09323}
		{FDB10A65-EA41-454F-9D88-815F826FFCFB} = {7C3A8559-8A42-4429-A97E-128A63991497}
		{239BB35A-2972-4DF6-955D-9F954909D0EF} = {9D5CB7DB-FA68-4168-A51D-90C17D2421F9}
		{4C4A5397-B34C-4336-9B34-4E7C5D3EFC9C} = {4BAB0E7D-E04A-4E06-8CCC-BE082DA124AB}
		{7946C111-A2F4-489A-A769-ED4512A09323} = {0AB8F05A-9F8B-4347-AEB0-F1DF070DBA81}
		{9D5CB7DB-FA68-4168-A51D-90C17D2421F9} = {F104FA05-914A-4D1C-861F-11CAAE8C3959}
		{7C3A8559-8A42-4429-A97E-128A63991497} = {0AB8F05A-9F8B-4347-AEB0-F1DF070DBA81}
		{4BAB0E7D-E04A-4E06-8CCC-BE082DA124AB} = {A471BE36-DEC9-426A-B9AA-3BF8B679DC08}
		{151A370C-89C2-40F6-836E-1A0BCB020ECE} = {F104FA05-914A-4D1C-861F-11CAAE8C3959}
		{7047C7AB-1BED-4BD8-ADEE-E88A653AFEC5} = {A471BE36-DEC9-426A-B9AA-3BF8B679DC08}
		{95FEF181-A739-4207-96B4-D58691A8C958} = {A471BE36-DEC9-426A-B9AA-3BF8B679DC08}
		{E4A566A9-AA88-486D-BC99-A4E7A152FF3D} = {A471BE36-DEC9-426A-B9AA-3BF8B679DC08}
		{290B8CEE-0FB0-45B6-BAFA-637A579F783E} = {0AB8F05A-9F8B-4347-AEB0-F1DF070DBA81}
		{83C747C9-0923-4903-81B8-581041824FA9} = {A471BE36-DEC9-426A-B9AA-3BF8B679DC08}
		{2BA59B0F-57B8-469B-82DC-3D2CBFBC16C9} = {A471BE36-DEC9-426A-B9AA-3BF8B679DC08}
		{58D2E07B-F3E7-4048-B0A3-70367292A4EC} = {A471BE36-DEC9-426A-B9AA-3BF8B679DC08}
		{FC704C77-EBE9-4F8E-ADB8-D774A51C450D} = {A471BE36-DEC9-426A-B9AA-3BF8B679DC08}
		{69F1D227-C060-41C0-BAB6-2DDE7B146FB1} = {F104FA05-914A-4D1C-861F-11CAAE8C3959}
		{6154C32C-3A41-47BE-BACD-7CD873323A74} = {3CC36496-7CAB-4D8F-A677-389530ADE0ED}
		{5B14788B-1103-4BE5-A5CE-86F13462FA5B} = {A471BE36-DEC9-426A-B9AA-3BF8B679DC08}
		{CFB4F28B-39E9-4FC7-A67A-E3109C894D03} = {F104FA05-914A-4D1C-861F-11CAAE8C3959}
		{2316F139-BBE6-402E-A055-7F418DCED2A7} = {C3804FDD-46B2-4B89-89CA-2C879852E0C2}
		{D6959B22-374C-4098-879D-534A25D9BD3A} = {3CC36496-7CAB-4D8F-A677-389530ADE0ED}
		{439977D9-133C-4B51-9A22-E62ADF8C0156} = {A471BE36-DEC9-426A-B9AA-3BF8B679DC08}
		{D2F6C8E0-9E0F-40DA-940C-0436730201B4} = {68C791B8-C5E0-46EE-A7CF-6FCD4E05A89B}
		{A471BE36-DEC9-426A-B9AA-3BF8B679DC08} = {D2F6C8E0-9E0F-40DA-940C-0436730201B4}
		{F104FA05-914A-4D1C-861F-11CAAE8C3959} = {D2F6C8E0-9E0F-40DA-940C-0436730201B4}
		{C3804FDD-46B2-4B89-89CA-2C879852E0C2} = {D2F6C8E0-9E0F-40DA-940C-0436730201B4}
		{3CC36496-7CAB-4D8F-A677-389530ADE0ED} = {6B29317F-FE39-47EC-BE5F-E037EFC18AF7}
		{0AB8F05A-9F8B-4347-AEB0-F1DF070DBA81} = {6B29317F-FE39-47EC-BE5F-E037EFC18AF7}
		{6B29317F-FE39-47EC-BE5F-E037EFC18AF7} = {D2F6C8E0-9E0F-40DA-940C-0436730201B4}
		{9126AF8E-8907-4CC3-86DF-922A27964E04} = {D2F6C8E0-9E0F-40DA-940C-0436730201B4}
		{8E09119B-F989-4EC7-91DD-B5F5A98162C7} = {68C791B8-C5E0-46EE-A7CF-6FCD4E05A89B}
		{4094894E-4731-4EF2-9944-4352EA3F7348} = {A471BE36-DEC9-426A-B9AA-3BF8B679DC08}
		{94062F02-11CD-4C7B-91FC-E4E5F6D60AE0} = {A471BE36-DEC9-426A-B9AA-3BF8B679DC08}
		{979A7194-843A-4E1C-BFDA-06CF55FFA14E} = {A471BE36-DEC9-426A-B9AA-3BF8B679DC08}
		{6EC91FBC-0A05-4CA7-A1B1-D043C2AE20B7} = {A471BE36-DEC9-426A-B9AA-3BF8B679DC08}
		{20A1AF68-DF4A-4BD4-9FF3-2F5C4BD4B111} = {A471BE36-DEC9-426A-B9AA-3BF8B679DC08}
		{01E1FDAA-A1DE-4015-859F-D33C7BA2525C} = {A471BE36-DEC9-426A-B9AA-3BF8B679DC08}
		{0F599328-9443-45BB-974C-C479FF82193D} = {A471BE36-DEC9-426A-B9AA-3BF8B679DC08}
		{2448107D-75F0-4286-BEE7-66D5D93FA804} = {A471BE36-DEC9-426A-B9AA-3BF8B679DC08}
		{391FAC31-2987-442D-9FAC-7A61C8A41C51} = {A471BE36-DEC9-426A-B9AA-3BF8B679DC08}
		{F5DB26B3-1C24-43B1-91A6-C433051BC443} = {A471BE36-DEC9-426A-B9AA-3BF8B679DC08}
		{D9FEA186-CD9B-4FF7-8736-07AA2F975908} = {A471BE36-DEC9-426A-B9AA-3BF8B679DC08}
		{671FF465-F11B-4B8E-9978-CC0D705B029E} = {A471BE36-DEC9-426A-B9AA-3BF8B679DC08}
		{205B1FA8-D3DD-4FF9-B1A2-8EC163AF29E2} = {A471BE36-DEC9-426A-B9AA-3BF8B679DC08}
		{4772E9AC-9F2D-432D-BF05-63AC8C3EC870} = {A471BE36-DEC9-426A-B9AA-3BF8B679DC08}
		{AB9FCD1E-051C-4120-ABCD-F625432AED7C} = {A471BE36-DEC9-426A-B9AA-3BF8B679DC08}
		{478EDA32-787A-45D3-833D-1726EACB8BFB} = {A471BE36-DEC9-426A-B9AA-3BF8B679DC08}
		{97AC9621-CF0F-47B2-A2DC-9BD5808C33A8} = {A471BE36-DEC9-426A-B9AA-3BF8B679DC08}
		{A56FE9BA-F02F-4B18-A2DF-A04CB0049762} = {A471BE36-DEC9-426A-B9AA-3BF8B679DC08}
		{D99833F8-6BE0-4707-AA66-008B371DA874} = {A471BE36-DEC9-426A-B9AA-3BF8B679DC08}
		{13915C55-7C99-4955-B8F6-066EBFC0D01B} = {A471BE36-DEC9-426A-B9AA-3BF8B679DC08}
		{40047545-D7B2-485A-8B95-E31CEB9351D4} = {A471BE36-DEC9-426A-B9AA-3BF8B679DC08}
		{8EA5D24D-1BB9-4A50-93AC-6142DA0B5A76} = {A471BE36-DEC9-426A-B9AA-3BF8B679DC08}
		{5E42B7BD-3BE3-430B-9A5A-CB0E6304D114} = {A471BE36-DEC9-426A-B9AA-3BF8B679DC08}
		{9A73454B-CB8F-443D-9525-EBA6F68081F6} = {C3804FDD-46B2-4B89-89CA-2C879852E0C2}
		{A239A10A-639F-4D9F-90C0-ECE0143CD653} = {F104FA05-914A-4D1C-861F-11CAAE8C3959}
		{2A4E1234-E93A-4FA2-80F3-19735D3FB5D7} = {29ED34E9-B38C-4A52-99CC-605CC77BB1BD}
		{A621E082-384F-49C7-BB5F-2990FC2582BA} = {2A4E1234-E93A-4FA2-80F3-19735D3FB5D7}
		{FA448186-1A19-4DCE-9562-43B5A66E47FF} = {8EA97703-3814-4704-8F7C-71376CB26715}
	EndGlobalSection
EndGlobal
