
Microsoft Visual Studio Solution File, Format Version 12.00
# Visual Studio Version 17
VisualStudioVersion = 17.0.31903.59
MinimumVisualStudioVersion = 10.0.40219.1
Project("{2150E333-8FDC-42A3-9474-1A3956D46DE8}") = "solution", "solution", "{3C775714-D0DE-4E10-AD82-A6A1B60C8D77}"
	ProjectSection(SolutionItems) = preProject
		Directory.Build.props = Directory.Build.props
		Directory.Build.targets = Directory.Build.targets
	EndProjectSection
EndProject
Project("{2150E333-8FDC-42A3-9474-1A3956D46DE8}") = "core", "core", "{54676970-61F1-40BF-97CB-F4C0CE16AA1F}"
EndProject
Project("{2150E333-8FDC-42A3-9474-1A3956D46DE8}") = "src", "src", "{E1A080A6-FBE3-47FD-B5AC-0531EB91665C}"
EndProject
Project("{FAE04EC0-301F-11D3-BF4B-00C04F79EFBC}") = "MyData", "core\src\MyData\MyData.csproj", "{5F4F7091-2CDC-4C90-AEDA-35F2F21A9517}"
EndProject
Project("{2150E333-8FDC-42A3-9474-1A3956D46DE8}") = "domains", "domains", "{700A74A0-4BE1-43F9-BF75-206F48970321}"
EndProject
Project("{2150E333-8FDC-42A3-9474-1A3956D46DE8}") = "bea", "bea", "{C02DBB44-09D8-4AFD-BB76-1A908A7343E0}"
EndProject
Project("{2150E333-8FDC-42A3-9474-1A3956D46DE8}") = "src", "src", "{B368705E-D392-41D5-A7A5-AE1AF89C5241}"
EndProject
Project("{FAE04EC0-301F-11D3-BF4B-00C04F79EFBC}") = "MyData.Bea.Tasks", "domains\bea\src\MyData.Bea.Tasks\MyData.Bea.Tasks.csproj", "{D1320F4F-CC76-4674-ABAC-B716BC276ACD}"
EndProject
Project("{2150E333-8FDC-42A3-9474-1A3956D46DE8}") = "bls", "bls", "{4460FBF2-17FF-4AAC-A432-6FA8A94B81F9}"
EndProject
Project("{2150E333-8FDC-42A3-9474-1A3956D46DE8}") = "src", "src", "{30C8E7C4-B824-4924-9005-2A9234482118}"
EndProject
Project("{FAE04EC0-301F-11D3-BF4B-00C04F79EFBC}") = "MyData.Bls.Tasks", "domains\bls\src\MyData.Bls.Tasks\MyData.Bls.Tasks.csproj", "{4C97968B-4415-4EF4-993D-5F43796B7F88}"
EndProject
Project("{2150E333-8FDC-42A3-9474-1A3956D46DE8}") = "census", "census", "{80657676-0BEB-4AC0-88CF-6D10F822F1A9}"
EndProject
Project("{2150E333-8FDC-42A3-9474-1A3956D46DE8}") = "src", "src", "{7673D4C0-ED87-4870-AC71-45F6C9583670}"
EndProject
Project("{FAE04EC0-301F-11D3-BF4B-00C04F79EFBC}") = "MyData.Census.Tasks", "domains\census\src\MyData.Census.Tasks\MyData.Census.Tasks.csproj", "{FD1D5DD7-3EE7-46FB-894A-F0D02FFD8EA4}"
EndProject
Project("{2150E333-8FDC-42A3-9474-1A3956D46DE8}") = "fda", "fda", "{85199190-67B8-4367-9B93-AFD3B5A1BCD0}"
EndProject
Project("{2150E333-8FDC-42A3-9474-1A3956D46DE8}") = "src", "src", "{843609D5-CCAF-48AA-BD87-2AAF5BD714A7}"
EndProject
Project("{FAE04EC0-301F-11D3-BF4B-00C04F79EFBC}") = "MyData.Fda.Tasks", "domains\fda\src\MyData.Fda.Tasks\MyData.Fda.Tasks.csproj", "{A8E0A01C-EC9E-4A19-80F2-836E243D83C5}"
EndProject
Project("{2150E333-8FDC-42A3-9474-1A3956D46DE8}") = "infrastructure", "infrastructure", "{4C903655-2417-422A-B245-82F71DDD1ED4}"
EndProject
Project("{2150E333-8FDC-42A3-9474-1A3956D46DE8}") = "database", "database", "{B2CC7D09-54A0-46E4-98F8-8EFCE40A3BFC}"
EndProject
Project("{2150E333-8FDC-42A3-9474-1A3956D46DE8}") = "src", "src", "{9862FE9E-40D4-4FA9-A711-46A8001F692D}"
EndProject
Project("{FAE04EC0-301F-11D3-BF4B-00C04F79EFBC}") = "MyData.Databases", "infrastructure\database\src\MyData.Databases\MyData.Databases.csproj", "{1A6B244C-4289-4592-9C0C-95ABA21295DA}"
EndProject
Project("{FAE04EC0-301F-11D3-BF4B-00C04F79EFBC}") = "MyData.Databases.SqlServer", "infrastructure\database\src\MyData.Databases.SqlServer\MyData.Databases.SqlServer.csproj", "{048E91AF-A4A9-4F45-B6F5-82E18B09FC31}"
EndProject
Project("{2150E333-8FDC-42A3-9474-1A3956D46DE8}") = "messaging", "messaging", "{96FCD096-A2EB-4346-AF8A-E3D3ECC33AEE}"
EndProject
Project("{2150E333-8FDC-42A3-9474-1A3956D46DE8}") = "src", "src", "{A4EE1636-70A7-4405-AB62-0BFCDC21B7FE}"
EndProject
Project("{FAE04EC0-301F-11D3-BF4B-00C04F79EFBC}") = "MyData.Messaging", "infrastructure\messaging\src\MyData.Messaging\MyData.Messaging.csproj", "{72FF06D5-8A9C-4ABA-B1A3-FEB5D2FA205D}"
EndProject
Project("{FAE04EC0-301F-11D3-BF4B-00C04F79EFBC}") = "MyData.Databases.Core", "infrastructure\database\src\MyData.Databases.Core\MyData.Databases.Core.csproj", "{48FB8B4B-BEC1-4E24-8F6F-7212DC52BDFF}"
EndProject
Project("{2150E333-8FDC-42A3-9474-1A3956D46DE8}") = "integrations", "integrations", "{DFA4BC2A-18D6-4B4B-A67A-0A9F87A8E518}"
EndProject
Project("{2150E333-8FDC-42A3-9474-1A3956D46DE8}") = "clients", "clients", "{818A27FE-681F-459B-8A0E-8AE3586A5B1A}"
EndProject
Project("{2150E333-8FDC-42A3-9474-1A3956D46DE8}") = "src", "src", "{94F741E6-57CA-41BA-AB89-4B1A1AE10FDF}"
EndProject
Project("{FAE04EC0-301F-11D3-BF4B-00C04F79EFBC}") = "MyData.Clients", "integrations\clients\src\MyData.Clients\MyData.Clients.csproj", "{D6B20FB0-735F-446C-A249-E2D1253F82C6}"
EndProject
Project("{FAE04EC0-301F-11D3-BF4B-00C04F79EFBC}") = "MyData.Clients.Bea", "integrations\clients\src\MyData.Clients.Bea\MyData.Clients.Bea.csproj", "{10167FB6-B1B5-4A76-9D42-55E4FE05D713}"
EndProject
Project("{FAE04EC0-301F-11D3-BF4B-00C04F79EFBC}") = "MyData.Clients.Bls", "integrations\clients\src\MyData.Clients.Bls\MyData.Clients.Bls.csproj", "{710CFC32-16FD-46E2-BE72-C358AA3F09B6}"
EndProject
Project("{FAE04EC0-301F-11D3-BF4B-00C04F79EFBC}") = "MyData.Clients.Census", "integrations\clients\src\MyData.Clients.Census\MyData.Clients.Census.csproj", "{EC4A0616-EA26-47F8-B62C-61B9A06C799A}"
EndProject
Project("{FAE04EC0-301F-11D3-BF4B-00C04F79EFBC}") = "MyData.Clients.Core", "integrations\clients\src\MyData.Clients.Core\MyData.Clients.Core.csproj", "{24FB5479-9723-4AC1-BA5F-7A0B87E14A07}"
EndProject
Project("{FAE04EC0-301F-11D3-BF4B-00C04F79EFBC}") = "MyData.Clients.Fda", "integrations\clients\src\MyData.Clients.Fda\MyData.Clients.Fda.csproj", "{9B53BDB9-BA59-4ACC-B2C6-E3B296858630}"
EndProject
Project("{FAE04EC0-301F-11D3-BF4B-00C04F79EFBC}") = "MyData.Messaging.Core", "infrastructure\messaging\src\MyData.Messaging.Core\MyData.Messaging.Core.csproj", "{B0CB1D67-5A52-4A0E-8603-01663B119874}"
EndProject
Project("{2150E333-8FDC-42A3-9474-1A3956D46DE8}") = "application", "application", "{96D17955-5F1B-4C31-96DB-5F97CD165632}"
EndProject
Project("{2150E333-8FDC-42A3-9474-1A3956D46DE8}") = "configuration", "configuration", "{76564801-9416-4B95-B00B-C1FEA38D33FB}"
EndProject
Project("{2150E333-8FDC-42A3-9474-1A3956D46DE8}") = "src", "src", "{84630472-9E81-47E2-90CD-47ECE5EE7DC5}"
EndProject
Project("{FAE04EC0-301F-11D3-BF4B-00C04F79EFBC}") = "MyData.Configuration", "application\configuration\src\MyData.Configuration\MyData.Configuration.csproj", "{470B1366-81FC-432B-9BA1-2F3FE3E53C46}"
EndProject
Global
	GlobalSection(SolutionProperties) = preSolution
		HideSolutionNode = FALSE
	EndGlobalSection
	GlobalSection(SolutionConfigurationPlatforms) = preSolution
		Debug|Any CPU = Debug|Any CPU
		Debug|x64 = Debug|x64
		Debug|x86 = Debug|x86
		Release|Any CPU = Release|Any CPU
		Release|x64 = Release|x64
		Release|x86 = Release|x86
	EndGlobalSection
	GlobalSection(ProjectConfigurationPlatforms) = postSolution
		{5F4F7091-2CDC-4C90-AEDA-35F2F21A9517}.Debug|Any CPU.ActiveCfg = Debug|Any CPU
		{5F4F7091-2CDC-4C90-AEDA-35F2F21A9517}.Debug|Any CPU.Build.0 = Debug|Any CPU
		{5F4F7091-2CDC-4C90-AEDA-35F2F21A9517}.Debug|x64.ActiveCfg = Debug|Any CPU
		{5F4F7091-2CDC-4C90-AEDA-35F2F21A9517}.Debug|x64.Build.0 = Debug|Any CPU
		{5F4F7091-2CDC-4C90-AEDA-35F2F21A9517}.Debug|x86.ActiveCfg = Debug|Any CPU
		{5F4F7091-2CDC-4C90-AEDA-35F2F21A9517}.Debug|x86.Build.0 = Debug|Any CPU
		{5F4F7091-2CDC-4C90-AEDA-35F2F21A9517}.Release|Any CPU.ActiveCfg = Release|Any CPU
		{5F4F7091-2CDC-4C90-AEDA-35F2F21A9517}.Release|Any CPU.Build.0 = Release|Any CPU
		{5F4F7091-2CDC-4C90-AEDA-35F2F21A9517}.Release|x64.ActiveCfg = Release|Any CPU
		{5F4F7091-2CDC-4C90-AEDA-35F2F21A9517}.Release|x64.Build.0 = Release|Any CPU
		{5F4F7091-2CDC-4C90-AEDA-35F2F21A9517}.Release|x86.ActiveCfg = Release|Any CPU
		{5F4F7091-2CDC-4C90-AEDA-35F2F21A9517}.Release|x86.Build.0 = Release|Any CPU
		{D1320F4F-CC76-4674-ABAC-B716BC276ACD}.Debug|Any CPU.ActiveCfg = Debug|Any CPU
		{D1320F4F-CC76-4674-ABAC-B716BC276ACD}.Debug|Any CPU.Build.0 = Debug|Any CPU
		{D1320F4F-CC76-4674-ABAC-B716BC276ACD}.Debug|x64.ActiveCfg = Debug|Any CPU
		{D1320F4F-CC76-4674-ABAC-B716BC276ACD}.Debug|x64.Build.0 = Debug|Any CPU
		{D1320F4F-CC76-4674-ABAC-B716BC276ACD}.Debug|x86.ActiveCfg = Debug|Any CPU
		{D1320F4F-CC76-4674-ABAC-B716BC276ACD}.Debug|x86.Build.0 = Debug|Any CPU
		{D1320F4F-CC76-4674-ABAC-B716BC276ACD}.Release|Any CPU.ActiveCfg = Release|Any CPU
		{D1320F4F-CC76-4674-ABAC-B716BC276ACD}.Release|Any CPU.Build.0 = Release|Any CPU
		{D1320F4F-CC76-4674-ABAC-B716BC276ACD}.Release|x64.ActiveCfg = Release|Any CPU
		{D1320F4F-CC76-4674-ABAC-B716BC276ACD}.Release|x64.Build.0 = Release|Any CPU
		{D1320F4F-CC76-4674-ABAC-B716BC276ACD}.Release|x86.ActiveCfg = Release|Any CPU
		{D1320F4F-CC76-4674-ABAC-B716BC276ACD}.Release|x86.Build.0 = Release|Any CPU
		{4C97968B-4415-4EF4-993D-5F43796B7F88}.Debug|Any CPU.ActiveCfg = Debug|Any CPU
		{4C97968B-4415-4EF4-993D-5F43796B7F88}.Debug|Any CPU.Build.0 = Debug|Any CPU
		{4C97968B-4415-4EF4-993D-5F43796B7F88}.Debug|x64.ActiveCfg = Debug|Any CPU
		{4C97968B-4415-4EF4-993D-5F43796B7F88}.Debug|x64.Build.0 = Debug|Any CPU
		{4C97968B-4415-4EF4-993D-5F43796B7F88}.Debug|x86.ActiveCfg = Debug|Any CPU
		{4C97968B-4415-4EF4-993D-5F43796B7F88}.Debug|x86.Build.0 = Debug|Any CPU
		{4C97968B-4415-4EF4-993D-5F43796B7F88}.Release|Any CPU.ActiveCfg = Release|Any CPU
		{4C97968B-4415-4EF4-993D-5F43796B7F88}.Release|Any CPU.Build.0 = Release|Any CPU
		{4C97968B-4415-4EF4-993D-5F43796B7F88}.Release|x64.ActiveCfg = Release|Any CPU
		{4C97968B-4415-4EF4-993D-5F43796B7F88}.Release|x64.Build.0 = Release|Any CPU
		{4C97968B-4415-4EF4-993D-5F43796B7F88}.Release|x86.ActiveCfg = Release|Any CPU
		{4C97968B-4415-4EF4-993D-5F43796B7F88}.Release|x86.Build.0 = Release|Any CPU
		{FD1D5DD7-3EE7-46FB-894A-F0D02FFD8EA4}.Debug|Any CPU.ActiveCfg = Debug|Any CPU
		{FD1D5DD7-3EE7-46FB-894A-F0D02FFD8EA4}.Debug|Any CPU.Build.0 = Debug|Any CPU
		{FD1D5DD7-3EE7-46FB-894A-F0D02FFD8EA4}.Debug|x64.ActiveCfg = Debug|Any CPU
		{FD1D5DD7-3EE7-46FB-894A-F0D02FFD8EA4}.Debug|x64.Build.0 = Debug|Any CPU
		{FD1D5DD7-3EE7-46FB-894A-F0D02FFD8EA4}.Debug|x86.ActiveCfg = Debug|Any CPU
		{FD1D5DD7-3EE7-46FB-894A-F0D02FFD8EA4}.Debug|x86.Build.0 = Debug|Any CPU
		{FD1D5DD7-3EE7-46FB-894A-F0D02FFD8EA4}.Release|Any CPU.ActiveCfg = Release|Any CPU
		{FD1D5DD7-3EE7-46FB-894A-F0D02FFD8EA4}.Release|Any CPU.Build.0 = Release|Any CPU
		{FD1D5DD7-3EE7-46FB-894A-F0D02FFD8EA4}.Release|x64.ActiveCfg = Release|Any CPU
		{FD1D5DD7-3EE7-46FB-894A-F0D02FFD8EA4}.Release|x64.Build.0 = Release|Any CPU
		{FD1D5DD7-3EE7-46FB-894A-F0D02FFD8EA4}.Release|x86.ActiveCfg = Release|Any CPU
		{FD1D5DD7-3EE7-46FB-894A-F0D02FFD8EA4}.Release|x86.Build.0 = Release|Any CPU
		{A8E0A01C-EC9E-4A19-80F2-836E243D83C5}.Debug|Any CPU.ActiveCfg = Debug|Any CPU
		{A8E0A01C-EC9E-4A19-80F2-836E243D83C5}.Debug|Any CPU.Build.0 = Debug|Any CPU
		{A8E0A01C-EC9E-4A19-80F2-836E243D83C5}.Debug|x64.ActiveCfg = Debug|Any CPU
		{A8E0A01C-EC9E-4A19-80F2-836E243D83C5}.Debug|x64.Build.0 = Debug|Any CPU
		{A8E0A01C-EC9E-4A19-80F2-836E243D83C5}.Debug|x86.ActiveCfg = Debug|Any CPU
		{A8E0A01C-EC9E-4A19-80F2-836E243D83C5}.Debug|x86.Build.0 = Debug|Any CPU
		{A8E0A01C-EC9E-4A19-80F2-836E243D83C5}.Release|Any CPU.ActiveCfg = Release|Any CPU
		{A8E0A01C-EC9E-4A19-80F2-836E243D83C5}.Release|Any CPU.Build.0 = Release|Any CPU
		{A8E0A01C-EC9E-4A19-80F2-836E243D83C5}.Release|x64.ActiveCfg = Release|Any CPU
		{A8E0A01C-EC9E-4A19-80F2-836E243D83C5}.Release|x64.Build.0 = Release|Any CPU
		{A8E0A01C-EC9E-4A19-80F2-836E243D83C5}.Release|x86.ActiveCfg = Release|Any CPU
		{A8E0A01C-EC9E-4A19-80F2-836E243D83C5}.Release|x86.Build.0 = Release|Any CPU
		{1A6B244C-4289-4592-9C0C-95ABA21295DA}.Debug|Any CPU.ActiveCfg = Debug|Any CPU
		{1A6B244C-4289-4592-9C0C-95ABA21295DA}.Debug|Any CPU.Build.0 = Debug|Any CPU
		{1A6B244C-4289-4592-9C0C-95ABA21295DA}.Debug|x64.ActiveCfg = Debug|Any CPU
		{1A6B244C-4289-4592-9C0C-95ABA21295DA}.Debug|x64.Build.0 = Debug|Any CPU
		{1A6B244C-4289-4592-9C0C-95ABA21295DA}.Debug|x86.ActiveCfg = Debug|Any CPU
		{1A6B244C-4289-4592-9C0C-95ABA21295DA}.Debug|x86.Build.0 = Debug|Any CPU
		{1A6B244C-4289-4592-9C0C-95ABA21295DA}.Release|Any CPU.ActiveCfg = Release|Any CPU
		{1A6B244C-4289-4592-9C0C-95ABA21295DA}.Release|Any CPU.Build.0 = Release|Any CPU
		{1A6B244C-4289-4592-9C0C-95ABA21295DA}.Release|x64.ActiveCfg = Release|Any CPU
		{1A6B244C-4289-4592-9C0C-95ABA21295DA}.Release|x64.Build.0 = Release|Any CPU
		{1A6B244C-4289-4592-9C0C-95ABA21295DA}.Release|x86.ActiveCfg = Release|Any CPU
		{1A6B244C-4289-4592-9C0C-95ABA21295DA}.Release|x86.Build.0 = Release|Any CPU
		{048E91AF-A4A9-4F45-B6F5-82E18B09FC31}.Debug|Any CPU.ActiveCfg = Debug|Any CPU
		{048E91AF-A4A9-4F45-B6F5-82E18B09FC31}.Debug|Any CPU.Build.0 = Debug|Any CPU
		{048E91AF-A4A9-4F45-B6F5-82E18B09FC31}.Debug|x64.ActiveCfg = Debug|Any CPU
		{048E91AF-A4A9-4F45-B6F5-82E18B09FC31}.Debug|x64.Build.0 = Debug|Any CPU
		{048E91AF-A4A9-4F45-B6F5-82E18B09FC31}.Debug|x86.ActiveCfg = Debug|Any CPU
		{048E91AF-A4A9-4F45-B6F5-82E18B09FC31}.Debug|x86.Build.0 = Debug|Any CPU
		{048E91AF-A4A9-4F45-B6F5-82E18B09FC31}.Release|Any CPU.ActiveCfg = Release|Any CPU
		{048E91AF-A4A9-4F45-B6F5-82E18B09FC31}.Release|Any CPU.Build.0 = Release|Any CPU
		{048E91AF-A4A9-4F45-B6F5-82E18B09FC31}.Release|x64.ActiveCfg = Release|Any CPU
		{048E91AF-A4A9-4F45-B6F5-82E18B09FC31}.Release|x64.Build.0 = Release|Any CPU
		{048E91AF-A4A9-4F45-B6F5-82E18B09FC31}.Release|x86.ActiveCfg = Release|Any CPU
		{048E91AF-A4A9-4F45-B6F5-82E18B09FC31}.Release|x86.Build.0 = Release|Any CPU
		{72FF06D5-8A9C-4ABA-B1A3-FEB5D2FA205D}.Debug|Any CPU.ActiveCfg = Debug|Any CPU
		{72FF06D5-8A9C-4ABA-B1A3-FEB5D2FA205D}.Debug|Any CPU.Build.0 = Debug|Any CPU
		{72FF06D5-8A9C-4ABA-B1A3-FEB5D2FA205D}.Debug|x64.ActiveCfg = Debug|Any CPU
		{72FF06D5-8A9C-4ABA-B1A3-FEB5D2FA205D}.Debug|x64.Build.0 = Debug|Any CPU
		{72FF06D5-8A9C-4ABA-B1A3-FEB5D2FA205D}.Debug|x86.ActiveCfg = Debug|Any CPU
		{72FF06D5-8A9C-4ABA-B1A3-FEB5D2FA205D}.Debug|x86.Build.0 = Debug|Any CPU
		{72FF06D5-8A9C-4ABA-B1A3-FEB5D2FA205D}.Release|Any CPU.ActiveCfg = Release|Any CPU
		{72FF06D5-8A9C-4ABA-B1A3-FEB5D2FA205D}.Release|Any CPU.Build.0 = Release|Any CPU
		{72FF06D5-8A9C-4ABA-B1A3-FEB5D2FA205D}.Release|x64.ActiveCfg = Release|Any CPU
		{72FF06D5-8A9C-4ABA-B1A3-FEB5D2FA205D}.Release|x64.Build.0 = Release|Any CPU
		{72FF06D5-8A9C-4ABA-B1A3-FEB5D2FA205D}.Release|x86.ActiveCfg = Release|Any CPU
		{72FF06D5-8A9C-4ABA-B1A3-FEB5D2FA205D}.Release|x86.Build.0 = Release|Any CPU
		{48FB8B4B-BEC1-4E24-8F6F-7212DC52BDFF}.Debug|Any CPU.ActiveCfg = Debug|Any CPU
		{48FB8B4B-BEC1-4E24-8F6F-7212DC52BDFF}.Debug|Any CPU.Build.0 = Debug|Any CPU
		{48FB8B4B-BEC1-4E24-8F6F-7212DC52BDFF}.Debug|x64.ActiveCfg = Debug|Any CPU
		{48FB8B4B-BEC1-4E24-8F6F-7212DC52BDFF}.Debug|x64.Build.0 = Debug|Any CPU
		{48FB8B4B-BEC1-4E24-8F6F-7212DC52BDFF}.Debug|x86.ActiveCfg = Debug|Any CPU
		{48FB8B4B-BEC1-4E24-8F6F-7212DC52BDFF}.Debug|x86.Build.0 = Debug|Any CPU
		{48FB8B4B-BEC1-4E24-8F6F-7212DC52BDFF}.Release|Any CPU.ActiveCfg = Release|Any CPU
		{48FB8B4B-BEC1-4E24-8F6F-7212DC52BDFF}.Release|Any CPU.Build.0 = Release|Any CPU
		{48FB8B4B-BEC1-4E24-8F6F-7212DC52BDFF}.Release|x64.ActiveCfg = Release|Any CPU
		{48FB8B4B-BEC1-4E24-8F6F-7212DC52BDFF}.Release|x64.Build.0 = Release|Any CPU
		{48FB8B4B-BEC1-4E24-8F6F-7212DC52BDFF}.Release|x86.ActiveCfg = Release|Any CPU
		{48FB8B4B-BEC1-4E24-8F6F-7212DC52BDFF}.Release|x86.Build.0 = Release|Any CPU
		{D6B20FB0-735F-446C-A249-E2D1253F82C6}.Debug|Any CPU.ActiveCfg = Debug|Any CPU
		{D6B20FB0-735F-446C-A249-E2D1253F82C6}.Debug|Any CPU.Build.0 = Debug|Any CPU
		{D6B20FB0-735F-446C-A249-E2D1253F82C6}.Debug|x64.ActiveCfg = Debug|Any CPU
		{D6B20FB0-735F-446C-A249-E2D1253F82C6}.Debug|x64.Build.0 = Debug|Any CPU
		{D6B20FB0-735F-446C-A249-E2D1253F82C6}.Debug|x86.ActiveCfg = Debug|Any CPU
		{D6B20FB0-735F-446C-A249-E2D1253F82C6}.Debug|x86.Build.0 = Debug|Any CPU
		{D6B20FB0-735F-446C-A249-E2D1253F82C6}.Release|Any CPU.ActiveCfg = Release|Any CPU
		{D6B20FB0-735F-446C-A249-E2D1253F82C6}.Release|Any CPU.Build.0 = Release|Any CPU
		{D6B20FB0-735F-446C-A249-E2D1253F82C6}.Release|x64.ActiveCfg = Release|Any CPU
		{D6B20FB0-735F-446C-A249-E2D1253F82C6}.Release|x64.Build.0 = Release|Any CPU
		{D6B20FB0-735F-446C-A249-E2D1253F82C6}.Release|x86.ActiveCfg = Release|Any CPU
		{D6B20FB0-735F-446C-A249-E2D1253F82C6}.Release|x86.Build.0 = Release|Any CPU
		{10167FB6-B1B5-4A76-9D42-55E4FE05D713}.Debug|Any CPU.ActiveCfg = Debug|Any CPU
		{10167FB6-B1B5-4A76-9D42-55E4FE05D713}.Debug|Any CPU.Build.0 = Debug|Any CPU
		{10167FB6-B1B5-4A76-9D42-55E4FE05D713}.Debug|x64.ActiveCfg = Debug|Any CPU
		{10167FB6-B1B5-4A76-9D42-55E4FE05D713}.Debug|x64.Build.0 = Debug|Any CPU
		{10167FB6-B1B5-4A76-9D42-55E4FE05D713}.Debug|x86.ActiveCfg = Debug|Any CPU
		{10167FB6-B1B5-4A76-9D42-55E4FE05D713}.Debug|x86.Build.0 = Debug|Any CPU
		{10167FB6-B1B5-4A76-9D42-55E4FE05D713}.Release|Any CPU.ActiveCfg = Release|Any CPU
		{10167FB6-B1B5-4A76-9D42-55E4FE05D713}.Release|Any CPU.Build.0 = Release|Any CPU
		{10167FB6-B1B5-4A76-9D42-55E4FE05D713}.Release|x64.ActiveCfg = Release|Any CPU
		{10167FB6-B1B5-4A76-9D42-55E4FE05D713}.Release|x64.Build.0 = Release|Any CPU
		{10167FB6-B1B5-4A76-9D42-55E4FE05D713}.Release|x86.ActiveCfg = Release|Any CPU
		{10167FB6-B1B5-4A76-9D42-55E4FE05D713}.Release|x86.Build.0 = Release|Any CPU
		{710CFC32-16FD-46E2-BE72-C358AA3F09B6}.Debug|Any CPU.ActiveCfg = Debug|Any CPU
		{710CFC32-16FD-46E2-BE72-C358AA3F09B6}.Debug|Any CPU.Build.0 = Debug|Any CPU
		{710CFC32-16FD-46E2-BE72-C358AA3F09B6}.Debug|x64.ActiveCfg = Debug|Any CPU
		{710CFC32-16FD-46E2-BE72-C358AA3F09B6}.Debug|x64.Build.0 = Debug|Any CPU
		{710CFC32-16FD-46E2-BE72-C358AA3F09B6}.Debug|x86.ActiveCfg = Debug|Any CPU
		{710CFC32-16FD-46E2-BE72-C358AA3F09B6}.Debug|x86.Build.0 = Debug|Any CPU
		{710CFC32-16FD-46E2-BE72-C358AA3F09B6}.Release|Any CPU.ActiveCfg = Release|Any CPU
		{710CFC32-16FD-46E2-BE72-C358AA3F09B6}.Release|Any CPU.Build.0 = Release|Any CPU
		{710CFC32-16FD-46E2-BE72-C358AA3F09B6}.Release|x64.ActiveCfg = Release|Any CPU
		{710CFC32-16FD-46E2-BE72-C358AA3F09B6}.Release|x64.Build.0 = Release|Any CPU
		{710CFC32-16FD-46E2-BE72-C358AA3F09B6}.Release|x86.ActiveCfg = Release|Any CPU
		{710CFC32-16FD-46E2-BE72-C358AA3F09B6}.Release|x86.Build.0 = Release|Any CPU
		{EC4A0616-EA26-47F8-B62C-61B9A06C799A}.Debug|Any CPU.ActiveCfg = Debug|Any CPU
		{EC4A0616-EA26-47F8-B62C-61B9A06C799A}.Debug|Any CPU.Build.0 = Debug|Any CPU
		{EC4A0616-EA26-47F8-B62C-61B9A06C799A}.Debug|x64.ActiveCfg = Debug|Any CPU
		{EC4A0616-EA26-47F8-B62C-61B9A06C799A}.Debug|x64.Build.0 = Debug|Any CPU
		{EC4A0616-EA26-47F8-B62C-61B9A06C799A}.Debug|x86.ActiveCfg = Debug|Any CPU
		{EC4A0616-EA26-47F8-B62C-61B9A06C799A}.Debug|x86.Build.0 = Debug|Any CPU
		{EC4A0616-EA26-47F8-B62C-61B9A06C799A}.Release|Any CPU.ActiveCfg = Release|Any CPU
		{EC4A0616-EA26-47F8-B62C-61B9A06C799A}.Release|Any CPU.Build.0 = Release|Any CPU
		{EC4A0616-EA26-47F8-B62C-61B9A06C799A}.Release|x64.ActiveCfg = Release|Any CPU
		{EC4A0616-EA26-47F8-B62C-61B9A06C799A}.Release|x64.Build.0 = Release|Any CPU
		{EC4A0616-EA26-47F8-B62C-61B9A06C799A}.Release|x86.ActiveCfg = Release|Any CPU
		{EC4A0616-EA26-47F8-B62C-61B9A06C799A}.Release|x86.Build.0 = Release|Any CPU
		{24FB5479-9723-4AC1-BA5F-7A0B87E14A07}.Debug|Any CPU.ActiveCfg = Debug|Any CPU
		{24FB5479-9723-4AC1-BA5F-7A0B87E14A07}.Debug|Any CPU.Build.0 = Debug|Any CPU
		{24FB5479-9723-4AC1-BA5F-7A0B87E14A07}.Debug|x64.ActiveCfg = Debug|Any CPU
		{24FB5479-9723-4AC1-BA5F-7A0B87E14A07}.Debug|x64.Build.0 = Debug|Any CPU
		{24FB5479-9723-4AC1-BA5F-7A0B87E14A07}.Debug|x86.ActiveCfg = Debug|Any CPU
		{24FB5479-9723-4AC1-BA5F-7A0B87E14A07}.Debug|x86.Build.0 = Debug|Any CPU
		{24FB5479-9723-4AC1-BA5F-7A0B87E14A07}.Release|Any CPU.ActiveCfg = Release|Any CPU
		{24FB5479-9723-4AC1-BA5F-7A0B87E14A07}.Release|Any CPU.Build.0 = Release|Any CPU
		{24FB5479-9723-4AC1-BA5F-7A0B87E14A07}.Release|x64.ActiveCfg = Release|Any CPU
		{24FB5479-9723-4AC1-BA5F-7A0B87E14A07}.Release|x64.Build.0 = Release|Any CPU
		{24FB5479-9723-4AC1-BA5F-7A0B87E14A07}.Release|x86.ActiveCfg = Release|Any CPU
		{24FB5479-9723-4AC1-BA5F-7A0B87E14A07}.Release|x86.Build.0 = Release|Any CPU
		{9B53BDB9-BA59-4ACC-B2C6-E3B296858630}.Debug|Any CPU.ActiveCfg = Debug|Any CPU
		{9B53BDB9-BA59-4ACC-B2C6-E3B296858630}.Debug|Any CPU.Build.0 = Debug|Any CPU
		{9B53BDB9-BA59-4ACC-B2C6-E3B296858630}.Debug|x64.ActiveCfg = Debug|Any CPU
		{9B53BDB9-BA59-4ACC-B2C6-E3B296858630}.Debug|x64.Build.0 = Debug|Any CPU
		{9B53BDB9-BA59-4ACC-B2C6-E3B296858630}.Debug|x86.ActiveCfg = Debug|Any CPU
		{9B53BDB9-BA59-4ACC-B2C6-E3B296858630}.Debug|x86.Build.0 = Debug|Any CPU
		{9B53BDB9-BA59-4ACC-B2C6-E3B296858630}.Release|Any CPU.ActiveCfg = Release|Any CPU
		{9B53BDB9-BA59-4ACC-B2C6-E3B296858630}.Release|Any CPU.Build.0 = Release|Any CPU
		{9B53BDB9-BA59-4ACC-B2C6-E3B296858630}.Release|x64.ActiveCfg = Release|Any CPU
		{9B53BDB9-BA59-4ACC-B2C6-E3B296858630}.Release|x64.Build.0 = Release|Any CPU
		{9B53BDB9-BA59-4ACC-B2C6-E3B296858630}.Release|x86.ActiveCfg = Release|Any CPU
		{9B53BDB9-BA59-4ACC-B2C6-E3B296858630}.Release|x86.Build.0 = Release|Any CPU
		{B0CB1D67-5A52-4A0E-8603-01663B119874}.Debug|Any CPU.ActiveCfg = Debug|Any CPU
		{B0CB1D67-5A52-4A0E-8603-01663B119874}.Debug|Any CPU.Build.0 = Debug|Any CPU
		{B0CB1D67-5A52-4A0E-8603-01663B119874}.Debug|x64.ActiveCfg = Debug|Any CPU
		{B0CB1D67-5A52-4A0E-8603-01663B119874}.Debug|x64.Build.0 = Debug|Any CPU
		{B0CB1D67-5A52-4A0E-8603-01663B119874}.Debug|x86.ActiveCfg = Debug|Any CPU
		{B0CB1D67-5A52-4A0E-8603-01663B119874}.Debug|x86.Build.0 = Debug|Any CPU
		{B0CB1D67-5A52-4A0E-8603-01663B119874}.Release|Any CPU.ActiveCfg = Release|Any CPU
		{B0CB1D67-5A52-4A0E-8603-01663B119874}.Release|Any CPU.Build.0 = Release|Any CPU
		{B0CB1D67-5A52-4A0E-8603-01663B119874}.Release|x64.ActiveCfg = Release|Any CPU
		{B0CB1D67-5A52-4A0E-8603-01663B119874}.Release|x64.Build.0 = Release|Any CPU
		{B0CB1D67-5A52-4A0E-8603-01663B119874}.Release|x86.ActiveCfg = Release|Any CPU
		{B0CB1D67-5A52-4A0E-8603-01663B119874}.Release|x86.Build.0 = Release|Any CPU
		{470B1366-81FC-432B-9BA1-2F3FE3E53C46}.Debug|Any CPU.ActiveCfg = Debug|Any CPU
		{470B1366-81FC-432B-9BA1-2F3FE3E53C46}.Debug|Any CPU.Build.0 = Debug|Any CPU
		{470B1366-81FC-432B-9BA1-2F3FE3E53C46}.Debug|x64.ActiveCfg = Debug|Any CPU
		{470B1366-81FC-432B-9BA1-2F3FE3E53C46}.Debug|x64.Build.0 = Debug|Any CPU
		{470B1366-81FC-432B-9BA1-2F3FE3E53C46}.Debug|x86.ActiveCfg = Debug|Any CPU
		{470B1366-81FC-432B-9BA1-2F3FE3E53C46}.Debug|x86.Build.0 = Debug|Any CPU
		{470B1366-81FC-432B-9BA1-2F3FE3E53C46}.Release|Any CPU.ActiveCfg = Release|Any CPU
		{470B1366-81FC-432B-9BA1-2F3FE3E53C46}.Release|Any CPU.Build.0 = Release|Any CPU
		{470B1366-81FC-432B-9BA1-2F3FE3E53C46}.Release|x64.ActiveCfg = Release|Any CPU
		{470B1366-81FC-432B-9BA1-2F3FE3E53C46}.Release|x64.Build.0 = Release|Any CPU
		{470B1366-81FC-432B-9BA1-2F3FE3E53C46}.Release|x86.ActiveCfg = Release|Any CPU
		{470B1366-81FC-432B-9BA1-2F3FE3E53C46}.Release|x86.Build.0 = Release|Any CPU
	EndGlobalSection
	GlobalSection(NestedProjects) = preSolution
		{E1A080A6-FBE3-47FD-B5AC-0531EB91665C} = {54676970-61F1-40BF-97CB-F4C0CE16AA1F}
		{5F4F7091-2CDC-4C90-AEDA-35F2F21A9517} = {E1A080A6-FBE3-47FD-B5AC-0531EB91665C}
		{C02DBB44-09D8-4AFD-BB76-1A908A7343E0} = {700A74A0-4BE1-43F9-BF75-206F48970321}
		{B368705E-D392-41D5-A7A5-AE1AF89C5241} = {C02DBB44-09D8-4AFD-BB76-1A908A7343E0}
		{D1320F4F-CC76-4674-ABAC-B716BC276ACD} = {B368705E-D392-41D5-A7A5-AE1AF89C5241}
		{4460FBF2-17FF-4AAC-A432-6FA8A94B81F9} = {700A74A0-4BE1-43F9-BF75-206F48970321}
		{30C8E7C4-B824-4924-9005-2A9234482118} = {4460FBF2-17FF-4AAC-A432-6FA8A94B81F9}
		{4C97968B-4415-4EF4-993D-5F43796B7F88} = {30C8E7C4-B824-4924-9005-2A9234482118}
		{80657676-0BEB-4AC0-88CF-6D10F822F1A9} = {700A74A0-4BE1-43F9-BF75-206F48970321}
		{7673D4C0-ED87-4870-AC71-45F6C9583670} = {80657676-0BEB-4AC0-88CF-6D10F822F1A9}
		{FD1D5DD7-3EE7-46FB-894A-F0D02FFD8EA4} = {7673D4C0-ED87-4870-AC71-45F6C9583670}
		{85199190-67B8-4367-9B93-AFD3B5A1BCD0} = {700A74A0-4BE1-43F9-BF75-206F48970321}
		{843609D5-CCAF-48AA-BD87-2AAF5BD714A7} = {85199190-67B8-4367-9B93-AFD3B5A1BCD0}
		{A8E0A01C-EC9E-4A19-80F2-836E243D83C5} = {843609D5-CCAF-48AA-BD87-2AAF5BD714A7}
		{B2CC7D09-54A0-46E4-98F8-8EFCE40A3BFC} = {4C903655-2417-422A-B245-82F71DDD1ED4}
		{9862FE9E-40D4-4FA9-A711-46A8001F692D} = {B2CC7D09-54A0-46E4-98F8-8EFCE40A3BFC}
		{1A6B244C-4289-4592-9C0C-95ABA21295DA} = {9862FE9E-40D4-4FA9-A711-46A8001F692D}
		{048E91AF-A4A9-4F45-B6F5-82E18B09FC31} = {9862FE9E-40D4-4FA9-A711-46A8001F692D}
		{96FCD096-A2EB-4346-AF8A-E3D3ECC33AEE} = {4C903655-2417-422A-B245-82F71DDD1ED4}
		{A4EE1636-70A7-4405-AB62-0BFCDC21B7FE} = {96FCD096-A2EB-4346-AF8A-E3D3ECC33AEE}
		{72FF06D5-8A9C-4ABA-B1A3-FEB5D2FA205D} = {A4EE1636-70A7-4405-AB62-0BFCDC21B7FE}
		{48FB8B4B-BEC1-4E24-8F6F-7212DC52BDFF} = {9862FE9E-40D4-4FA9-A711-46A8001F692D}
		{818A27FE-681F-459B-8A0E-8AE3586A5B1A} = {DFA4BC2A-18D6-4B4B-A67A-0A9F87A8E518}
		{94F741E6-57CA-41BA-AB89-4B1A1AE10FDF} = {818A27FE-681F-459B-8A0E-8AE3586A5B1A}
		{D6B20FB0-735F-446C-A249-E2D1253F82C6} = {94F741E6-57CA-41BA-AB89-4B1A1AE10FDF}
		{10167FB6-B1B5-4A76-9D42-55E4FE05D713} = {94F741E6-57CA-41BA-AB89-4B1A1AE10FDF}
		{710CFC32-16FD-46E2-BE72-C358AA3F09B6} = {94F741E6-57CA-41BA-AB89-4B1A1AE10FDF}
		{EC4A0616-EA26-47F8-B62C-61B9A06C799A} = {94F741E6-57CA-41BA-AB89-4B1A1AE10FDF}
		{24FB5479-9723-4AC1-BA5F-7A0B87E14A07} = {94F741E6-57CA-41BA-AB89-4B1A1AE10FDF}
		{9B53BDB9-BA59-4ACC-B2C6-E3B296858630} = {94F741E6-57CA-41BA-AB89-4B1A1AE10FDF}
		{B0CB1D67-5A52-4A0E-8603-01663B119874} = {A4EE1636-70A7-4405-AB62-0BFCDC21B7FE}
		{76564801-9416-4B95-B00B-C1FEA38D33FB} = {96D17955-5F1B-4C31-96DB-5F97CD165632}
		{84630472-9E81-47E2-90CD-47ECE5EE7DC5} = {76564801-9416-4B95-B00B-C1FEA38D33FB}
		{470B1366-81FC-432B-9BA1-2F3FE3E53C46} = {84630472-9E81-47E2-90CD-47ECE5EE7DC5}
	EndGlobalSection
EndGlobal
